// !$*UTF8*$!
{
	archiveVersion = 1;
	classes = {
	};
	objectVersion = 46;
	objects = {

/* Begin PBXBuildFile section */
		D30562961E3BD929008BEC9A /* Language.framework in Frameworks */ = {isa = PBXBuildFile; fileRef = D305628C1E3BD929008BEC9A /* Language.framework */; };
		D305629D1E3BD929008BEC9A /* Language.h in Headers */ = {isa = PBXBuildFile; fileRef = D305628F1E3BD929008BEC9A /* Language.h */; settings = {ATTRIBUTES = (Public, ); }; };
		D30C5C5F1E4508F1001A6F5D /* XPFuncLiteralTests.m in Sources */ = {isa = PBXBuildFile; fileRef = D30C5C5D1E4508DC001A6F5D /* XPFuncLiteralTests.m */; };
		D3166DD81E53989300DEE3A0 /* FNCount.h in Headers */ = {isa = PBXBuildFile; fileRef = D3166DD61E53989300DEE3A0 /* FNCount.h */; };
		D3166DD91E53989300DEE3A0 /* FNCount.m in Sources */ = {isa = PBXBuildFile; fileRef = D3166DD71E53989300DEE3A0 /* FNCount.m */; };
		D3166DDF1E53B03300DEE3A0 /* FNPrint.h in Headers */ = {isa = PBXBuildFile; fileRef = D3166DDD1E53B03300DEE3A0 /* FNPrint.h */; };
		D3166DE01E53B03300DEE3A0 /* FNPrint.m in Sources */ = {isa = PBXBuildFile; fileRef = D3166DDE1E53B03300DEE3A0 /* FNPrint.m */; };
		D3166DE31E53B0C400DEE3A0 /* FNBoolean.h in Headers */ = {isa = PBXBuildFile; fileRef = D3166DE11E53B0C400DEE3A0 /* FNBoolean.h */; };
		D3166DE41E53B0C400DEE3A0 /* FNBoolean.m in Sources */ = {isa = PBXBuildFile; fileRef = D3166DE21E53B0C400DEE3A0 /* FNBoolean.m */; };
		D3166DE71E53B16F00DEE3A0 /* FNNumber.h in Headers */ = {isa = PBXBuildFile; fileRef = D3166DE51E53B16F00DEE3A0 /* FNNumber.h */; };
		D3166DE81E53B16F00DEE3A0 /* FNNumber.m in Sources */ = {isa = PBXBuildFile; fileRef = D3166DE61E53B16F00DEE3A0 /* FNNumber.m */; };
		D3166DEB1E53B18000DEE3A0 /* FNString.h in Headers */ = {isa = PBXBuildFile; fileRef = D3166DE91E53B18000DEE3A0 /* FNString.h */; };
		D3166DEC1E53B18000DEE3A0 /* FNString.m in Sources */ = {isa = PBXBuildFile; fileRef = D3166DEA1E53B18000DEE3A0 /* FNString.m */; };
		D3166DF11E53B23500DEE3A0 /* FNType.h in Headers */ = {isa = PBXBuildFile; fileRef = D3166DEF1E53B23500DEE3A0 /* FNType.h */; };
		D3166DF21E53B23500DEE3A0 /* FNType.m in Sources */ = {isa = PBXBuildFile; fileRef = D3166DF01E53B23500DEE3A0 /* FNType.m */; };
		D3166DF41E53B38600DEE3A0 /* FNSequenceTests.m in Sources */ = {isa = PBXBuildFile; fileRef = D3166DDA1E53997100DEE3A0 /* FNSequenceTests.m */; };
		D3166DF51E53B38A00DEE3A0 /* FNTypeTests.m in Sources */ = {isa = PBXBuildFile; fileRef = D3166DED1E53B21700DEE3A0 /* FNTypeTests.m */; };
		D3166DF91E53B7D000DEE3A0 /* FNAssert.h in Headers */ = {isa = PBXBuildFile; fileRef = D3166DF71E53B7D000DEE3A0 /* FNAssert.h */; };
		D3166DFA1E53B7D000DEE3A0 /* FNAssert.m in Sources */ = {isa = PBXBuildFile; fileRef = D3166DF81E53B7D000DEE3A0 /* FNAssert.m */; };
		D3166DFC1E53B8CA00DEE3A0 /* FNAssertTests.m in Sources */ = {isa = PBXBuildFile; fileRef = D3166DFB1E53B8CA00DEE3A0 /* FNAssertTests.m */; };
		D3166DFF1E53B9A900DEE3A0 /* FNCopy.h in Headers */ = {isa = PBXBuildFile; fileRef = D3166DFD1E53B9A900DEE3A0 /* FNCopy.h */; };
		D3166E001E53B9A900DEE3A0 /* FNCopy.m in Sources */ = {isa = PBXBuildFile; fileRef = D3166DFE1E53B9A900DEE3A0 /* FNCopy.m */; };
		D3166E071E53F6DB00DEE3A0 /* FNLowercase.h in Headers */ = {isa = PBXBuildFile; fileRef = D3166E051E53F6DB00DEE3A0 /* FNLowercase.h */; };
		D3166E081E53F6DB00DEE3A0 /* FNLowerCase.m in Sources */ = {isa = PBXBuildFile; fileRef = D3166E061E53F6DB00DEE3A0 /* FNLowerCase.m */; };
		D3166E0B1E53F71800DEE3A0 /* FNUppercase.h in Headers */ = {isa = PBXBuildFile; fileRef = D3166E091E53F71800DEE3A0 /* FNUppercase.h */; };
		D3166E0C1E53F71800DEE3A0 /* FNUppercase.m in Sources */ = {isa = PBXBuildFile; fileRef = D3166E0A1E53F71800DEE3A0 /* FNUppercase.m */; };
		D3166E141E54BAFE00DEE3A0 /* FNMatches.h in Headers */ = {isa = PBXBuildFile; fileRef = D3166E121E54BAFE00DEE3A0 /* FNMatches.h */; };
		D3166E151E54BAFE00DEE3A0 /* FNMatches.m in Sources */ = {isa = PBXBuildFile; fileRef = D3166E131E54BAFE00DEE3A0 /* FNMatches.m */; };
		D3166E181E54BD4F00DEE3A0 /* FNReplace.h in Headers */ = {isa = PBXBuildFile; fileRef = D3166E161E54BD4F00DEE3A0 /* FNReplace.h */; };
		D3166E191E54BD4F00DEE3A0 /* FNReplace.m in Sources */ = {isa = PBXBuildFile; fileRef = D3166E171E54BD4F00DEE3A0 /* FNReplace.m */; };
		D3166E1C1E54BF4200DEE3A0 /* FNStringTests.m in Sources */ = {isa = PBXBuildFile; fileRef = D3166E1A1E54BD9000DEE3A0 /* FNStringTests.m */; };
		D3166E201E54C76200DEE3A0 /* FNIsNan.h in Headers */ = {isa = PBXBuildFile; fileRef = D3166E1E1E54C76200DEE3A0 /* FNIsNan.h */; };
		D3166E211E54C76200DEE3A0 /* FNIsNan.m in Sources */ = {isa = PBXBuildFile; fileRef = D3166E1F1E54C76200DEE3A0 /* FNIsNan.m */; };
		D3166E241E54C8BD00DEE3A0 /* FNCompare.h in Headers */ = {isa = PBXBuildFile; fileRef = D3166E221E54C8BD00DEE3A0 /* FNCompare.h */; };
		D3166E251E54C8BD00DEE3A0 /* FNCompare.m in Sources */ = {isa = PBXBuildFile; fileRef = D3166E231E54C8BD00DEE3A0 /* FNCompare.m */; };
		D3166E271E54CB6000DEE3A0 /* FNTrim.h in Headers */ = {isa = PBXBuildFile; fileRef = D3166E011E53F64300DEE3A0 /* FNTrim.h */; };
		D3166E281E54CBB200DEE3A0 /* FNTrim.m in Sources */ = {isa = PBXBuildFile; fileRef = D3166E021E53F64300DEE3A0 /* FNTrim.m */; };
		D3166E2B1E54DD4600DEE3A0 /* FNPosition.h in Headers */ = {isa = PBXBuildFile; fileRef = D3166E291E54DD4600DEE3A0 /* FNPosition.h */; };
		D3166E2C1E54DD4600DEE3A0 /* FNPosition.m in Sources */ = {isa = PBXBuildFile; fileRef = D3166E2A1E54DD4600DEE3A0 /* FNPosition.m */; };
		D3166E311E54E2ED00DEE3A0 /* FNMap.h in Headers */ = {isa = PBXBuildFile; fileRef = D3166E2F1E54E2ED00DEE3A0 /* FNMap.h */; };
		D3166E321E54E2ED00DEE3A0 /* FNMap.m in Sources */ = {isa = PBXBuildFile; fileRef = D3166E301E54E2ED00DEE3A0 /* FNMap.m */; };
		D3166E351E54E48A00DEE3A0 /* FNCollectionTests.m in Sources */ = {isa = PBXBuildFile; fileRef = D3166E331E54E37F00DEE3A0 /* FNCollectionTests.m */; };
		D3166E381E54E4CE00DEE3A0 /* FNFilter.h in Headers */ = {isa = PBXBuildFile; fileRef = D3166E361E54E4CD00DEE3A0 /* FNFilter.h */; };
		D3166E391E54E4CE00DEE3A0 /* FNFilter.m in Sources */ = {isa = PBXBuildFile; fileRef = D3166E371E54E4CE00DEE3A0 /* FNFilter.m */; };
		D3166E3C1E54EBA200DEE3A0 /* XPReturnException.h in Headers */ = {isa = PBXBuildFile; fileRef = D3166E3A1E54EBA200DEE3A0 /* XPReturnException.h */; };
		D3166E3D1E54EBA200DEE3A0 /* XPReturnException.m in Sources */ = {isa = PBXBuildFile; fileRef = D3166E3B1E54EBA200DEE3A0 /* XPReturnException.m */; };
		D3166E441E55F8EC00DEE3A0 /* testClosuresLoopWithLocalVar.js in Resources */ = {isa = PBXBuildFile; fileRef = D3166E431E55F8EC00DEE3A0 /* testClosuresLoopWithLocalVar.js */; };
		D3166E471E55FE6D00DEE3A0 /* testClosuresLoopWithGlobalVar.js in Resources */ = {isa = PBXBuildFile; fileRef = D3166E461E55FE6D00DEE3A0 /* testClosuresLoopWithGlobalVar.js */; };
		D3166E491E5603D200DEE3A0 /* testDoubleNestedClosure.js in Resources */ = {isa = PBXBuildFile; fileRef = D3166E481E5603D200DEE3A0 /* testDoubleNestedClosure.js */; };
		D3166E4B1E56046E00DEE3A0 /* testLocalVarFromClosure.js in Resources */ = {isa = PBXBuildFile; fileRef = D3166E4A1E56046E00DEE3A0 /* testLocalVarFromClosure.js */; };
		D3166E4D1E5604D600DEE3A0 /* testGlobalVarFromClosure.js in Resources */ = {isa = PBXBuildFile; fileRef = D3166E4C1E5604D600DEE3A0 /* testGlobalVarFromClosure.js */; };
		D3166E621E5611F800DEE3A0 /* testGlobalVarFromClosure2.js in Resources */ = {isa = PBXBuildFile; fileRef = D3166E611E5611F800DEE3A0 /* testGlobalVarFromClosure2.js */; };
		D3166E641E56121700DEE3A0 /* testGlobalVarFromClosure3.js in Resources */ = {isa = PBXBuildFile; fileRef = D3166E631E56121700DEE3A0 /* testGlobalVarFromClosure3.js */; };
		D3166E661E56595D00DEE3A0 /* XPNumberExpressionTests.m in Sources */ = {isa = PBXBuildFile; fileRef = D3166E651E56595D00DEE3A0 /* XPNumberExpressionTests.m */; };
		D3166E691E579FDE00DEE3A0 /* FNLocals.h in Headers */ = {isa = PBXBuildFile; fileRef = D3166E671E579FDE00DEE3A0 /* FNLocals.h */; };
		D3166E6A1E579FDE00DEE3A0 /* FNLocals.m in Sources */ = {isa = PBXBuildFile; fileRef = D3166E681E579FDE00DEE3A0 /* FNLocals.m */; };
		D3166E6C1E57A11400DEE3A0 /* testLocals.js in Resources */ = {isa = PBXBuildFile; fileRef = D3166E6B1E57A11400DEE3A0 /* testLocals.js */; };
		D3166E701E57A69500DEE3A0 /* FNGlobals.h in Headers */ = {isa = PBXBuildFile; fileRef = D3166E6E1E57A69500DEE3A0 /* FNGlobals.h */; };
		D3166E711E57A69500DEE3A0 /* FNGlobals.m in Sources */ = {isa = PBXBuildFile; fileRef = D3166E6F1E57A69500DEE3A0 /* FNGlobals.m */; };
		D3166E731E57A6C100DEE3A0 /* testGlobals.js in Resources */ = {isa = PBXBuildFile; fileRef = D3166E721E57A6C100DEE3A0 /* testGlobals.js */; };
		D32E70BE1E5365F700728D80 /* XPFunctionBody.h in Headers */ = {isa = PBXBuildFile; fileRef = D32E70BC1E5365F700728D80 /* XPFunctionBody.h */; };
		D32E70BF1E5365F700728D80 /* XPFunctionBody.m in Sources */ = {isa = PBXBuildFile; fileRef = D32E70BD1E5365F700728D80 /* XPFunctionBody.m */; };
		D32E70C21E5367A900728D80 /* FNRange.h in Headers */ = {isa = PBXBuildFile; fileRef = D32E70C01E5367A900728D80 /* FNRange.h */; };
		D32E70C31E5367A900728D80 /* FNRange.m in Sources */ = {isa = PBXBuildFile; fileRef = D32E70C11E5367A900728D80 /* FNRange.m */; };
		D34B7CE01E52A3C80094D2EC /* XPStringLiteralTests.m in Sources */ = {isa = PBXBuildFile; fileRef = D34B7CDF1E52A3C80094D2EC /* XPStringLiteralTests.m */; };
		D35167E11E515BE4004C43CC /* XPDictionaryLiteralTests.m in Sources */ = {isa = PBXBuildFile; fileRef = D3A7F29C1E5130C200C7099B /* XPDictionaryLiteralTests.m */; };
		D3689FA41E3BDB57005783BB /* PEGKit.framework in Frameworks */ = {isa = PBXBuildFile; fileRef = D3689FA21E3BDB57005783BB /* PEGKit.framework */; };
		D3689FA51E3BDB57005783BB /* TDTemplateEngine.framework in Frameworks */ = {isa = PBXBuildFile; fileRef = D3689FA31E3BDB57005783BB /* TDTemplateEngine.framework */; };
		D368A0081E3BE383005783BB /* XPParser.h in Headers */ = {isa = PBXBuildFile; fileRef = D368A0061E3BE383005783BB /* XPParser.h */; };
		D368A0091E3BE383005783BB /* XPParser.m in Sources */ = {isa = PBXBuildFile; fileRef = D368A0071E3BE383005783BB /* XPParser.m */; settings = {COMPILER_FLAGS = "-Wno-undeclared-selector"; }; };
		D368A0161E3BE4F8005783BB /* XPArithmeticExpressionTests.m in Sources */ = {isa = PBXBuildFile; fileRef = D368A00A1E3BE4F8005783BB /* XPArithmeticExpressionTests.m */; };
		D368A0171E3BE4F8005783BB /* XPBaseTests.m in Sources */ = {isa = PBXBuildFile; fileRef = D368A00C1E3BE4F8005783BB /* XPBaseTests.m */; };
		D368A0181E3BE4F8005783BB /* XPBooleanExpressionTests.m in Sources */ = {isa = PBXBuildFile; fileRef = D368A00D1E3BE4F8005783BB /* XPBooleanExpressionTests.m */; };
		D368A01A1E3BE4F8005783BB /* XPEqualityExpressionTests.m in Sources */ = {isa = PBXBuildFile; fileRef = D368A00F1E3BE4F8005783BB /* XPEqualityExpressionTests.m */; };
		D368A01C1E3BE4F8005783BB /* XPNegationExpressionTests.m in Sources */ = {isa = PBXBuildFile; fileRef = D368A0111E3BE4F8005783BB /* XPNegationExpressionTests.m */; };
		D368A01F1E3BE4F8005783BB /* XPRelationalExpressionTests.m in Sources */ = {isa = PBXBuildFile; fileRef = D368A0141E3BE4F8005783BB /* XPRelationalExpressionTests.m */; };
		D368A0201E3BE4F8005783BB /* XPUnaryExpressionTests.m in Sources */ = {isa = PBXBuildFile; fileRef = D368A0151E3BE4F8005783BB /* XPUnaryExpressionTests.m */; };
		D368A0251E3BE7B5005783BB /* PEGKit.framework in Frameworks */ = {isa = PBXBuildFile; fileRef = D3689FA21E3BDB57005783BB /* PEGKit.framework */; };
		D37316931E3EB75F0034798E /* XPVarDeclTests.m in Sources */ = {isa = PBXBuildFile; fileRef = D37316921E3EB75F0034798E /* XPVarDeclTests.m */; };
		D373169E1E3EBA490034798E /* XPBaseStatementTests.m in Sources */ = {isa = PBXBuildFile; fileRef = D373169D1E3EBA490034798E /* XPBaseStatementTests.m */; };
		D37316A21E3EBD4B0034798E /* XPNode.m in Sources */ = {isa = PBXBuildFile; fileRef = D37316A01E3EBD4B0034798E /* XPNode.m */; };
		D37316A41E3EBD5C0034798E /* XPNode.h in Headers */ = {isa = PBXBuildFile; fileRef = D37316A31E3EBD5C0034798E /* XPNode.h */; settings = {ATTRIBUTES = (Public, ); }; };
		D37316AC1E3EBDD20034798E /* XPInterpreter.m in Sources */ = {isa = PBXBuildFile; fileRef = D37316AA1E3EBDD20034798E /* XPInterpreter.m */; };
		D37316AE1E3EBDE20034798E /* XPInterpreter.h in Headers */ = {isa = PBXBuildFile; fileRef = D37316AD1E3EBDE20034798E /* XPInterpreter.h */; settings = {ATTRIBUTES = (Public, ); }; };
		D37316B61E3EBF800034798E /* XPSymbol.h in Headers */ = {isa = PBXBuildFile; fileRef = D37316B41E3EBF800034798E /* XPSymbol.h */; };
		D37316B71E3EBF800034798E /* XPSymbol.m in Sources */ = {isa = PBXBuildFile; fileRef = D37316B51E3EBF800034798E /* XPSymbol.m */; };
		D37316BA1E3EBF980034798E /* XPVariableSymbol.h in Headers */ = {isa = PBXBuildFile; fileRef = D37316B81E3EBF980034798E /* XPVariableSymbol.h */; };
		D37316BB1E3EBF980034798E /* XPVariableSymbol.m in Sources */ = {isa = PBXBuildFile; fileRef = D37316B91E3EBF980034798E /* XPVariableSymbol.m */; };
		D37316BF1E3EBFEB0034798E /* XPScope.h in Headers */ = {isa = PBXBuildFile; fileRef = D37316BE1E3EBFEB0034798E /* XPScope.h */; };
		D37316C31E3EC1470034798E /* XPBaseScope.h in Headers */ = {isa = PBXBuildFile; fileRef = D37316C11E3EC1470034798E /* XPBaseScope.h */; };
		D37316C41E3EC1470034798E /* XPBaseScope.m in Sources */ = {isa = PBXBuildFile; fileRef = D37316C21E3EC1470034798E /* XPBaseScope.m */; };
		D37316CB1E3EC49C0034798E /* XPGlobalScope.h in Headers */ = {isa = PBXBuildFile; fileRef = D37316C91E3EC49C0034798E /* XPGlobalScope.h */; };
		D37316CC1E3EC49C0034798E /* XPGlobalScope.m in Sources */ = {isa = PBXBuildFile; fileRef = D37316CA1E3EC49C0034798E /* XPGlobalScope.m */; };
		D37316CF1E3EC4E50034798E /* XPLocalScope.h in Headers */ = {isa = PBXBuildFile; fileRef = D37316CD1E3EC4E50034798E /* XPLocalScope.h */; };
		D37316D01E3EC4E50034798E /* XPLocalScope.m in Sources */ = {isa = PBXBuildFile; fileRef = D37316CE1E3EC4E50034798E /* XPLocalScope.m */; };
		D37316D31E3EC5430034798E /* XPMemorySpace.h in Headers */ = {isa = PBXBuildFile; fileRef = D37316D11E3EC5430034798E /* XPMemorySpace.h */; };
		D37316D41E3EC5430034798E /* XPMemorySpace.m in Sources */ = {isa = PBXBuildFile; fileRef = D37316D21E3EC5430034798E /* XPMemorySpace.m */; };
		D37316DC1E3FA9980034798E /* XPTreeWalker.h in Headers */ = {isa = PBXBuildFile; fileRef = D37316DA1E3FA9980034798E /* XPTreeWalker.h */; };
		D37316DD1E3FA9980034798E /* XPTreeWalker.m in Sources */ = {isa = PBXBuildFile; fileRef = D37316DB1E3FA9980034798E /* XPTreeWalker.m */; };
		D37316E51E3FAB140034798E /* XPTreeWalkerExec.h in Headers */ = {isa = PBXBuildFile; fileRef = D37316E31E3FAB140034798E /* XPTreeWalkerExec.h */; };
		D37316E61E3FAB140034798E /* XPTreeWalkerExec.m in Sources */ = {isa = PBXBuildFile; fileRef = D37316E41E3FAB140034798E /* XPTreeWalkerExec.m */; };
		D37316E91E3FB6B10034798E /* XPAssignTests.m in Sources */ = {isa = PBXBuildFile; fileRef = D37316E71E3FB6AD0034798E /* XPAssignTests.m */; };
		D37316ED1E4121110034798E /* XPException.m in Sources */ = {isa = PBXBuildFile; fileRef = D37316EB1E4121110034798E /* XPException.m */; };
		D37CE4AA1E4CE4470008945E /* XPObject.h in Headers */ = {isa = PBXBuildFile; fileRef = D37CE4A81E4CE4470008945E /* XPObject.h */; };
		D37CE4AB1E4CE4470008945E /* XPObject.m in Sources */ = {isa = PBXBuildFile; fileRef = D37CE4A91E4CE4470008945E /* XPObject.m */; };
		D37CE4AE1E4CE4500008945E /* XPClass.h in Headers */ = {isa = PBXBuildFile; fileRef = D37CE4AC1E4CE4500008945E /* XPClass.h */; };
		D37CE4AF1E4CE4500008945E /* XPClass.m in Sources */ = {isa = PBXBuildFile; fileRef = D37CE4AD1E4CE4500008945E /* XPClass.m */; };
		D37CE4B21E4CE6940008945E /* XPArrayClass.h in Headers */ = {isa = PBXBuildFile; fileRef = D37CE4B01E4CE6940008945E /* XPArrayClass.h */; };
		D37CE4B31E4CE6940008945E /* XPArrayClass.m in Sources */ = {isa = PBXBuildFile; fileRef = D37CE4B11E4CE6940008945E /* XPArrayClass.m */; };
		D3A7F27D1E4D71CC00C7099B /* XPBooleanClass.h in Headers */ = {isa = PBXBuildFile; fileRef = D3A7F27B1E4D71CC00C7099B /* XPBooleanClass.h */; };
		D3A7F27E1E4D71CC00C7099B /* XPBooleanClass.m in Sources */ = {isa = PBXBuildFile; fileRef = D3A7F27C1E4D71CC00C7099B /* XPBooleanClass.m */; };
		D3A7F2811E4D79FB00C7099B /* XPNumberClass.h in Headers */ = {isa = PBXBuildFile; fileRef = D3A7F27F1E4D79FB00C7099B /* XPNumberClass.h */; };
		D3A7F2821E4D79FB00C7099B /* XPNumberClass.m in Sources */ = {isa = PBXBuildFile; fileRef = D3A7F2801E4D79FB00C7099B /* XPNumberClass.m */; };
		D3A7F2851E4D7A8A00C7099B /* XPStringClass.h in Headers */ = {isa = PBXBuildFile; fileRef = D3A7F2831E4D7A8A00C7099B /* XPStringClass.h */; };
		D3A7F2861E4D7A8A00C7099B /* XPStringClass.m in Sources */ = {isa = PBXBuildFile; fileRef = D3A7F2841E4D7A8A00C7099B /* XPStringClass.m */; };
		D3A7F28C1E4E5D1700C7099B /* XPFunctionClass.h in Headers */ = {isa = PBXBuildFile; fileRef = D3A7F28A1E4E5D1700C7099B /* XPFunctionClass.h */; };
		D3A7F28D1E4E5D1700C7099B /* XPFunctionClass.m in Sources */ = {isa = PBXBuildFile; fileRef = D3A7F28B1E4E5D1700C7099B /* XPFunctionClass.m */; };
		D3A7F2901E511E3200C7099B /* XPNullClass.h in Headers */ = {isa = PBXBuildFile; fileRef = D3A7F28E1E511E3200C7099B /* XPNullClass.h */; };
		D3A7F2911E511E3200C7099B /* XPNullClass.m in Sources */ = {isa = PBXBuildFile; fileRef = D3A7F28F1E511E3200C7099B /* XPNullClass.m */; };
		D3A7F2941E51219900C7099B /* XPEnumeration.h in Headers */ = {isa = PBXBuildFile; fileRef = D3A7F2921E51219900C7099B /* XPEnumeration.h */; };
		D3A7F2951E51219900C7099B /* XPEnumeration.m in Sources */ = {isa = PBXBuildFile; fileRef = D3A7F2931E51219900C7099B /* XPEnumeration.m */; };
		D3A7F2971E51245400C7099B /* XPForBlockTests.m in Sources */ = {isa = PBXBuildFile; fileRef = D3A7F2961E51245400C7099B /* XPForBlockTests.m */; };
		D3A7F29A1E512E6D00C7099B /* XPDictionaryClass.h in Headers */ = {isa = PBXBuildFile; fileRef = D3A7F2981E512E6D00C7099B /* XPDictionaryClass.h */; };
		D3A7F29B1E512E6D00C7099B /* XPDictionaryClass.m in Sources */ = {isa = PBXBuildFile; fileRef = D3A7F2991E512E6D00C7099B /* XPDictionaryClass.m */; };
		D3B5F7361E47F50C00740161 /* XPArrayLiteralTests.m in Sources */ = {isa = PBXBuildFile; fileRef = D3B5F7351E47F50C00740161 /* XPArrayLiteralTests.m */; };
		D3BB83651E454B8F007AC9DD /* XPException.h in Headers */ = {isa = PBXBuildFile; fileRef = D3BB83641E454B8F007AC9DD /* XPException.h */; settings = {ATTRIBUTES = (Public, ); }; };
		D3DF58B71E429ACA006CAA07 /* XPFuncDeclTests.m in Sources */ = {isa = PBXBuildFile; fileRef = D3DF58B61E429ACA006CAA07 /* XPFuncDeclTests.m */; };
		D3DF58BA1E429C6F006CAA07 /* XPScopedSymbol.h in Headers */ = {isa = PBXBuildFile; fileRef = D3DF58B81E429C6F006CAA07 /* XPScopedSymbol.h */; };
		D3DF58BB1E429C6F006CAA07 /* XPScopedSymbol.m in Sources */ = {isa = PBXBuildFile; fileRef = D3DF58B91E429C6F006CAA07 /* XPScopedSymbol.m */; };
		D3DF58BE1E429E45006CAA07 /* XPFunctionSymbol.h in Headers */ = {isa = PBXBuildFile; fileRef = D3DF58BC1E429E45006CAA07 /* XPFunctionSymbol.h */; };
		D3DF58BF1E429E45006CAA07 /* XPFunctionSymbol.m in Sources */ = {isa = PBXBuildFile; fileRef = D3DF58BD1E429E45006CAA07 /* XPFunctionSymbol.m */; };
		D3DF58C61E42F346006CAA07 /* XPFunctionSpace.h in Headers */ = {isa = PBXBuildFile; fileRef = D3DF58C41E42F346006CAA07 /* XPFunctionSpace.h */; };
		D3DF58C71E42F346006CAA07 /* XPFunctionSpace.m in Sources */ = {isa = PBXBuildFile; fileRef = D3DF58C51E42F346006CAA07 /* XPFunctionSpace.m */; };
		D3DF58CD1E44E276006CAA07 /* XPIfBlockTests.m in Sources */ = {isa = PBXBuildFile; fileRef = D3DF58CC1E44E276006CAA07 /* XPIfBlockTests.m */; };
		D3DF58CF1E44F69F006CAA07 /* XPWhileBlockTests.m in Sources */ = {isa = PBXBuildFile; fileRef = D3DF58CE1E44F69F006CAA07 /* XPWhileBlockTests.m */; };
/* End PBXBuildFile section */

/* Begin PBXContainerItemProxy section */
		D30562971E3BD929008BEC9A /* PBXContainerItemProxy */ = {
			isa = PBXContainerItemProxy;
			containerPortal = D30562831E3BD929008BEC9A /* Project object */;
			proxyType = 1;
			remoteGlobalIDString = D305628B1E3BD929008BEC9A;
			remoteInfo = Language;
		};
/* End PBXContainerItemProxy section */

/* Begin PBXFileReference section */
		D305628C1E3BD929008BEC9A /* Language.framework */ = {isa = PBXFileReference; explicitFileType = wrapper.framework; includeInIndex = 0; path = Language.framework; sourceTree = BUILT_PRODUCTS_DIR; };
		D305628F1E3BD929008BEC9A /* Language.h */ = {isa = PBXFileReference; lastKnownFileType = sourcecode.c.h; name = Language.h; path = include/Language/Language.h; sourceTree = SOURCE_ROOT; };
		D30562901E3BD929008BEC9A /* Info.plist */ = {isa = PBXFileReference; lastKnownFileType = text.plist.xml; name = Info.plist; path = src/Info.plist; sourceTree = SOURCE_ROOT; };
		D30562951E3BD929008BEC9A /* LanguageTests.xctest */ = {isa = PBXFileReference; explicitFileType = wrapper.cfbundle; includeInIndex = 0; path = LanguageTests.xctest; sourceTree = BUILT_PRODUCTS_DIR; };
		D305629C1E3BD929008BEC9A /* Info.plist */ = {isa = PBXFileReference; lastKnownFileType = text.plist.xml; name = Info.plist; path = test/Info.plist; sourceTree = SOURCE_ROOT; };
		D30C5C5D1E4508DC001A6F5D /* XPFuncLiteralTests.m */ = {isa = PBXFileReference; fileEncoding = 4; lastKnownFileType = sourcecode.c.objc; name = XPFuncLiteralTests.m; path = test/XPFuncLiteralTests.m; sourceTree = SOURCE_ROOT; };
		D3166DD61E53989300DEE3A0 /* FNCount.h */ = {isa = PBXFileReference; fileEncoding = 4; lastKnownFileType = sourcecode.c.h; name = FNCount.h; path = src/FNCount.h; sourceTree = SOURCE_ROOT; };
		D3166DD71E53989300DEE3A0 /* FNCount.m */ = {isa = PBXFileReference; fileEncoding = 4; lastKnownFileType = sourcecode.c.objc; name = FNCount.m; path = src/FNCount.m; sourceTree = SOURCE_ROOT; };
		D3166DDA1E53997100DEE3A0 /* FNSequenceTests.m */ = {isa = PBXFileReference; fileEncoding = 4; lastKnownFileType = sourcecode.c.objc; name = FNSequenceTests.m; path = test/FNSequenceTests.m; sourceTree = SOURCE_ROOT; };
		D3166DDD1E53B03300DEE3A0 /* FNPrint.h */ = {isa = PBXFileReference; fileEncoding = 4; lastKnownFileType = sourcecode.c.h; name = FNPrint.h; path = src/FNPrint.h; sourceTree = SOURCE_ROOT; };
		D3166DDE1E53B03300DEE3A0 /* FNPrint.m */ = {isa = PBXFileReference; fileEncoding = 4; lastKnownFileType = sourcecode.c.objc; name = FNPrint.m; path = src/FNPrint.m; sourceTree = SOURCE_ROOT; };
		D3166DE11E53B0C400DEE3A0 /* FNBoolean.h */ = {isa = PBXFileReference; fileEncoding = 4; lastKnownFileType = sourcecode.c.h; name = FNBoolean.h; path = src/FNBoolean.h; sourceTree = SOURCE_ROOT; };
		D3166DE21E53B0C400DEE3A0 /* FNBoolean.m */ = {isa = PBXFileReference; fileEncoding = 4; lastKnownFileType = sourcecode.c.objc; name = FNBoolean.m; path = src/FNBoolean.m; sourceTree = SOURCE_ROOT; };
		D3166DE51E53B16F00DEE3A0 /* FNNumber.h */ = {isa = PBXFileReference; fileEncoding = 4; lastKnownFileType = sourcecode.c.h; name = FNNumber.h; path = src/FNNumber.h; sourceTree = SOURCE_ROOT; };
		D3166DE61E53B16F00DEE3A0 /* FNNumber.m */ = {isa = PBXFileReference; fileEncoding = 4; lastKnownFileType = sourcecode.c.objc; name = FNNumber.m; path = src/FNNumber.m; sourceTree = SOURCE_ROOT; };
		D3166DE91E53B18000DEE3A0 /* FNString.h */ = {isa = PBXFileReference; fileEncoding = 4; lastKnownFileType = sourcecode.c.h; name = FNString.h; path = src/FNString.h; sourceTree = SOURCE_ROOT; };
		D3166DEA1E53B18000DEE3A0 /* FNString.m */ = {isa = PBXFileReference; fileEncoding = 4; lastKnownFileType = sourcecode.c.objc; name = FNString.m; path = src/FNString.m; sourceTree = SOURCE_ROOT; };
		D3166DED1E53B21700DEE3A0 /* FNTypeTests.m */ = {isa = PBXFileReference; fileEncoding = 4; lastKnownFileType = sourcecode.c.objc; name = FNTypeTests.m; path = test/FNTypeTests.m; sourceTree = SOURCE_ROOT; };
		D3166DEF1E53B23500DEE3A0 /* FNType.h */ = {isa = PBXFileReference; fileEncoding = 4; lastKnownFileType = sourcecode.c.h; name = FNType.h; path = src/FNType.h; sourceTree = SOURCE_ROOT; };
		D3166DF01E53B23500DEE3A0 /* FNType.m */ = {isa = PBXFileReference; fileEncoding = 4; lastKnownFileType = sourcecode.c.objc; name = FNType.m; path = src/FNType.m; sourceTree = SOURCE_ROOT; };
		D3166DF71E53B7D000DEE3A0 /* FNAssert.h */ = {isa = PBXFileReference; fileEncoding = 4; lastKnownFileType = sourcecode.c.h; name = FNAssert.h; path = src/FNAssert.h; sourceTree = SOURCE_ROOT; };
		D3166DF81E53B7D000DEE3A0 /* FNAssert.m */ = {isa = PBXFileReference; fileEncoding = 4; lastKnownFileType = sourcecode.c.objc; name = FNAssert.m; path = src/FNAssert.m; sourceTree = SOURCE_ROOT; };
		D3166DFB1E53B8CA00DEE3A0 /* FNAssertTests.m */ = {isa = PBXFileReference; fileEncoding = 4; lastKnownFileType = sourcecode.c.objc; name = FNAssertTests.m; path = test/FNAssertTests.m; sourceTree = SOURCE_ROOT; };
		D3166DFD1E53B9A900DEE3A0 /* FNCopy.h */ = {isa = PBXFileReference; fileEncoding = 4; lastKnownFileType = sourcecode.c.h; name = FNCopy.h; path = src/FNCopy.h; sourceTree = SOURCE_ROOT; };
		D3166DFE1E53B9A900DEE3A0 /* FNCopy.m */ = {isa = PBXFileReference; fileEncoding = 4; lastKnownFileType = sourcecode.c.objc; name = FNCopy.m; path = src/FNCopy.m; sourceTree = SOURCE_ROOT; };
		D3166E011E53F64300DEE3A0 /* FNTrim.h */ = {isa = PBXFileReference; fileEncoding = 4; lastKnownFileType = sourcecode.c.h; name = FNTrim.h; path = src/FNTrim.h; sourceTree = SOURCE_ROOT; };
		D3166E021E53F64300DEE3A0 /* FNTrim.m */ = {isa = PBXFileReference; fileEncoding = 4; lastKnownFileType = sourcecode.c.objc; name = FNTrim.m; path = src/FNTrim.m; sourceTree = SOURCE_ROOT; };
		D3166E051E53F6DB00DEE3A0 /* FNLowercase.h */ = {isa = PBXFileReference; fileEncoding = 4; lastKnownFileType = sourcecode.c.h; name = FNLowercase.h; path = src/FNLowercase.h; sourceTree = SOURCE_ROOT; };
		D3166E061E53F6DB00DEE3A0 /* FNLowerCase.m */ = {isa = PBXFileReference; fileEncoding = 4; lastKnownFileType = sourcecode.c.objc; name = FNLowerCase.m; path = src/FNLowerCase.m; sourceTree = SOURCE_ROOT; };
		D3166E091E53F71800DEE3A0 /* FNUppercase.h */ = {isa = PBXFileReference; fileEncoding = 4; lastKnownFileType = sourcecode.c.h; name = FNUppercase.h; path = src/FNUppercase.h; sourceTree = SOURCE_ROOT; };
		D3166E0A1E53F71800DEE3A0 /* FNUppercase.m */ = {isa = PBXFileReference; fileEncoding = 4; lastKnownFileType = sourcecode.c.objc; name = FNUppercase.m; path = src/FNUppercase.m; sourceTree = SOURCE_ROOT; };
		D3166E121E54BAFE00DEE3A0 /* FNMatches.h */ = {isa = PBXFileReference; fileEncoding = 4; lastKnownFileType = sourcecode.c.h; name = FNMatches.h; path = src/FNMatches.h; sourceTree = SOURCE_ROOT; };
		D3166E131E54BAFE00DEE3A0 /* FNMatches.m */ = {isa = PBXFileReference; fileEncoding = 4; lastKnownFileType = sourcecode.c.objc; name = FNMatches.m; path = src/FNMatches.m; sourceTree = SOURCE_ROOT; };
		D3166E161E54BD4F00DEE3A0 /* FNReplace.h */ = {isa = PBXFileReference; fileEncoding = 4; lastKnownFileType = sourcecode.c.h; name = FNReplace.h; path = src/FNReplace.h; sourceTree = SOURCE_ROOT; };
		D3166E171E54BD4F00DEE3A0 /* FNReplace.m */ = {isa = PBXFileReference; fileEncoding = 4; lastKnownFileType = sourcecode.c.objc; name = FNReplace.m; path = src/FNReplace.m; sourceTree = SOURCE_ROOT; };
		D3166E1A1E54BD9000DEE3A0 /* FNStringTests.m */ = {isa = PBXFileReference; fileEncoding = 4; lastKnownFileType = sourcecode.c.objc; name = FNStringTests.m; path = test/FNStringTests.m; sourceTree = SOURCE_ROOT; };
		D3166E1E1E54C76200DEE3A0 /* FNIsNan.h */ = {isa = PBXFileReference; fileEncoding = 4; lastKnownFileType = sourcecode.c.h; name = FNIsNan.h; path = src/FNIsNan.h; sourceTree = SOURCE_ROOT; };
		D3166E1F1E54C76200DEE3A0 /* FNIsNan.m */ = {isa = PBXFileReference; fileEncoding = 4; lastKnownFileType = sourcecode.c.objc; name = FNIsNan.m; path = src/FNIsNan.m; sourceTree = SOURCE_ROOT; };
		D3166E221E54C8BD00DEE3A0 /* FNCompare.h */ = {isa = PBXFileReference; fileEncoding = 4; lastKnownFileType = sourcecode.c.h; name = FNCompare.h; path = src/FNCompare.h; sourceTree = SOURCE_ROOT; };
		D3166E231E54C8BD00DEE3A0 /* FNCompare.m */ = {isa = PBXFileReference; fileEncoding = 4; lastKnownFileType = sourcecode.c.objc; name = FNCompare.m; path = src/FNCompare.m; sourceTree = SOURCE_ROOT; };
		D3166E291E54DD4600DEE3A0 /* FNPosition.h */ = {isa = PBXFileReference; fileEncoding = 4; lastKnownFileType = sourcecode.c.h; name = FNPosition.h; path = src/FNPosition.h; sourceTree = SOURCE_ROOT; };
		D3166E2A1E54DD4600DEE3A0 /* FNPosition.m */ = {isa = PBXFileReference; fileEncoding = 4; lastKnownFileType = sourcecode.c.objc; name = FNPosition.m; path = src/FNPosition.m; sourceTree = SOURCE_ROOT; };
		D3166E2F1E54E2ED00DEE3A0 /* FNMap.h */ = {isa = PBXFileReference; fileEncoding = 4; lastKnownFileType = sourcecode.c.h; name = FNMap.h; path = src/FNMap.h; sourceTree = SOURCE_ROOT; };
		D3166E301E54E2ED00DEE3A0 /* FNMap.m */ = {isa = PBXFileReference; fileEncoding = 4; lastKnownFileType = sourcecode.c.objc; name = FNMap.m; path = src/FNMap.m; sourceTree = SOURCE_ROOT; };
		D3166E331E54E37F00DEE3A0 /* FNCollectionTests.m */ = {isa = PBXFileReference; fileEncoding = 4; lastKnownFileType = sourcecode.c.objc; name = FNCollectionTests.m; path = test/FNCollectionTests.m; sourceTree = SOURCE_ROOT; };
		D3166E361E54E4CD00DEE3A0 /* FNFilter.h */ = {isa = PBXFileReference; fileEncoding = 4; lastKnownFileType = sourcecode.c.h; name = FNFilter.h; path = src/FNFilter.h; sourceTree = SOURCE_ROOT; };
		D3166E371E54E4CE00DEE3A0 /* FNFilter.m */ = {isa = PBXFileReference; fileEncoding = 4; lastKnownFileType = sourcecode.c.objc; name = FNFilter.m; path = src/FNFilter.m; sourceTree = SOURCE_ROOT; };
		D3166E3A1E54EBA200DEE3A0 /* XPReturnException.h */ = {isa = PBXFileReference; fileEncoding = 4; lastKnownFileType = sourcecode.c.h; name = XPReturnException.h; path = src/XPReturnException.h; sourceTree = SOURCE_ROOT; };
		D3166E3B1E54EBA200DEE3A0 /* XPReturnException.m */ = {isa = PBXFileReference; fileEncoding = 4; lastKnownFileType = sourcecode.c.objc; name = XPReturnException.m; path = src/XPReturnException.m; sourceTree = SOURCE_ROOT; };
		D3166E431E55F8EC00DEE3A0 /* testClosuresLoopWithLocalVar.js */ = {isa = PBXFileReference; fileEncoding = 4; lastKnownFileType = sourcecode.javascript; name = testClosuresLoopWithLocalVar.js; path = test/scripts/testClosuresLoopWithLocalVar.js; sourceTree = SOURCE_ROOT; };
		D3166E461E55FE6D00DEE3A0 /* testClosuresLoopWithGlobalVar.js */ = {isa = PBXFileReference; fileEncoding = 4; lastKnownFileType = sourcecode.javascript; name = testClosuresLoopWithGlobalVar.js; path = test/scripts/testClosuresLoopWithGlobalVar.js; sourceTree = SOURCE_ROOT; };
		D3166E481E5603D200DEE3A0 /* testDoubleNestedClosure.js */ = {isa = PBXFileReference; fileEncoding = 4; lastKnownFileType = sourcecode.javascript; name = testDoubleNestedClosure.js; path = test/scripts/testDoubleNestedClosure.js; sourceTree = SOURCE_ROOT; };
		D3166E4A1E56046E00DEE3A0 /* testLocalVarFromClosure.js */ = {isa = PBXFileReference; fileEncoding = 4; lastKnownFileType = sourcecode.javascript; name = testLocalVarFromClosure.js; path = test/scripts/testLocalVarFromClosure.js; sourceTree = SOURCE_ROOT; };
		D3166E4C1E5604D600DEE3A0 /* testGlobalVarFromClosure.js */ = {isa = PBXFileReference; fileEncoding = 4; lastKnownFileType = sourcecode.javascript; name = testGlobalVarFromClosure.js; path = test/scripts/testGlobalVarFromClosure.js; sourceTree = SOURCE_ROOT; };
		D3166E611E5611F800DEE3A0 /* testGlobalVarFromClosure2.js */ = {isa = PBXFileReference; fileEncoding = 4; lastKnownFileType = sourcecode.javascript; name = testGlobalVarFromClosure2.js; path = test/scripts/testGlobalVarFromClosure2.js; sourceTree = SOURCE_ROOT; };
		D3166E631E56121700DEE3A0 /* testGlobalVarFromClosure3.js */ = {isa = PBXFileReference; fileEncoding = 4; lastKnownFileType = sourcecode.javascript; name = testGlobalVarFromClosure3.js; path = test/scripts/testGlobalVarFromClosure3.js; sourceTree = SOURCE_ROOT; };
		D3166E651E56595D00DEE3A0 /* XPNumberExpressionTests.m */ = {isa = PBXFileReference; fileEncoding = 4; lastKnownFileType = sourcecode.c.objc; name = XPNumberExpressionTests.m; path = test/XPNumberExpressionTests.m; sourceTree = SOURCE_ROOT; };
		D3166E671E579FDE00DEE3A0 /* FNLocals.h */ = {isa = PBXFileReference; fileEncoding = 4; lastKnownFileType = sourcecode.c.h; name = FNLocals.h; path = src/FNLocals.h; sourceTree = SOURCE_ROOT; };
		D3166E681E579FDE00DEE3A0 /* FNLocals.m */ = {isa = PBXFileReference; fileEncoding = 4; lastKnownFileType = sourcecode.c.objc; name = FNLocals.m; path = src/FNLocals.m; sourceTree = SOURCE_ROOT; };
		D3166E6B1E57A11400DEE3A0 /* testLocals.js */ = {isa = PBXFileReference; fileEncoding = 4; lastKnownFileType = sourcecode.javascript; name = testLocals.js; path = test/scripts/testLocals.js; sourceTree = SOURCE_ROOT; };
		D3166E6E1E57A69500DEE3A0 /* FNGlobals.h */ = {isa = PBXFileReference; fileEncoding = 4; lastKnownFileType = sourcecode.c.h; name = FNGlobals.h; path = src/FNGlobals.h; sourceTree = SOURCE_ROOT; };
		D3166E6F1E57A69500DEE3A0 /* FNGlobals.m */ = {isa = PBXFileReference; fileEncoding = 4; lastKnownFileType = sourcecode.c.objc; name = FNGlobals.m; path = src/FNGlobals.m; sourceTree = SOURCE_ROOT; };
		D3166E721E57A6C100DEE3A0 /* testGlobals.js */ = {isa = PBXFileReference; fileEncoding = 4; lastKnownFileType = sourcecode.javascript; name = testGlobals.js; path = test/scripts/testGlobals.js; sourceTree = SOURCE_ROOT; };
		D32E70BC1E5365F700728D80 /* XPFunctionBody.h */ = {isa = PBXFileReference; fileEncoding = 4; lastKnownFileType = sourcecode.c.h; name = XPFunctionBody.h; path = src/XPFunctionBody.h; sourceTree = SOURCE_ROOT; };
		D32E70BD1E5365F700728D80 /* XPFunctionBody.m */ = {isa = PBXFileReference; fileEncoding = 4; lastKnownFileType = sourcecode.c.objc; name = XPFunctionBody.m; path = src/XPFunctionBody.m; sourceTree = SOURCE_ROOT; };
		D32E70C01E5367A900728D80 /* FNRange.h */ = {isa = PBXFileReference; fileEncoding = 4; lastKnownFileType = sourcecode.c.h; name = FNRange.h; path = src/FNRange.h; sourceTree = SOURCE_ROOT; };
		D32E70C11E5367A900728D80 /* FNRange.m */ = {isa = PBXFileReference; fileEncoding = 4; lastKnownFileType = sourcecode.c.objc; name = FNRange.m; path = src/FNRange.m; sourceTree = SOURCE_ROOT; };
		D34B7CDF1E52A3C80094D2EC /* XPStringLiteralTests.m */ = {isa = PBXFileReference; fileEncoding = 4; lastKnownFileType = sourcecode.c.objc; name = XPStringLiteralTests.m; path = test/XPStringLiteralTests.m; sourceTree = SOURCE_ROOT; };
		D3689FA21E3BDB57005783BB /* PEGKit.framework */ = {isa = PBXFileReference; lastKnownFileType = wrapper.framework; name = PEGKit.framework; path = "../../../Library/Developer/Xcode/DerivedData/Language-bdsitepxpcksukdfokhytcnwouwy/Build/Products/Debug/PEGKit.framework"; sourceTree = "<group>"; };
		D3689FA31E3BDB57005783BB /* TDTemplateEngine.framework */ = {isa = PBXFileReference; lastKnownFileType = wrapper.framework; name = TDTemplateEngine.framework; path = "../../../Library/Developer/Xcode/DerivedData/Language-bdsitepxpcksukdfokhytcnwouwy/Build/Products/Debug/TDTemplateEngine.framework"; sourceTree = "<group>"; };
		D368A0041E3BE0C7005783BB /* Language-Prefix.pch */ = {isa = PBXFileReference; lastKnownFileType = sourcecode.c.h; name = "Language-Prefix.pch"; path = "src/Language-Prefix.pch"; sourceTree = SOURCE_ROOT; };
		D368A0061E3BE383005783BB /* XPParser.h */ = {isa = PBXFileReference; fileEncoding = 4; lastKnownFileType = sourcecode.c.h; name = XPParser.h; path = src/XPParser.h; sourceTree = SOURCE_ROOT; };
		D368A0071E3BE383005783BB /* XPParser.m */ = {isa = PBXFileReference; fileEncoding = 4; lastKnownFileType = sourcecode.c.objc; name = XPParser.m; path = src/XPParser.m; sourceTree = SOURCE_ROOT; };
		D368A00A1E3BE4F8005783BB /* XPArithmeticExpressionTests.m */ = {isa = PBXFileReference; fileEncoding = 4; lastKnownFileType = sourcecode.c.objc; name = XPArithmeticExpressionTests.m; path = test/XPArithmeticExpressionTests.m; sourceTree = SOURCE_ROOT; };
		D368A00B1E3BE4F8005783BB /* XPBaseTests.h */ = {isa = PBXFileReference; fileEncoding = 4; lastKnownFileType = sourcecode.c.h; name = XPBaseTests.h; path = test/XPBaseTests.h; sourceTree = SOURCE_ROOT; };
		D368A00C1E3BE4F8005783BB /* XPBaseTests.m */ = {isa = PBXFileReference; fileEncoding = 4; lastKnownFileType = sourcecode.c.objc; name = XPBaseTests.m; path = test/XPBaseTests.m; sourceTree = SOURCE_ROOT; };
		D368A00D1E3BE4F8005783BB /* XPBooleanExpressionTests.m */ = {isa = PBXFileReference; fileEncoding = 4; lastKnownFileType = sourcecode.c.objc; name = XPBooleanExpressionTests.m; path = test/XPBooleanExpressionTests.m; sourceTree = SOURCE_ROOT; };
		D368A00F1E3BE4F8005783BB /* XPEqualityExpressionTests.m */ = {isa = PBXFileReference; fileEncoding = 4; lastKnownFileType = sourcecode.c.objc; name = XPEqualityExpressionTests.m; path = test/XPEqualityExpressionTests.m; sourceTree = SOURCE_ROOT; };
		D368A0111E3BE4F8005783BB /* XPNegationExpressionTests.m */ = {isa = PBXFileReference; fileEncoding = 4; lastKnownFileType = sourcecode.c.objc; name = XPNegationExpressionTests.m; path = test/XPNegationExpressionTests.m; sourceTree = SOURCE_ROOT; };
		D368A0141E3BE4F8005783BB /* XPRelationalExpressionTests.m */ = {isa = PBXFileReference; fileEncoding = 4; lastKnownFileType = sourcecode.c.objc; name = XPRelationalExpressionTests.m; path = test/XPRelationalExpressionTests.m; sourceTree = SOURCE_ROOT; };
		D368A0151E3BE4F8005783BB /* XPUnaryExpressionTests.m */ = {isa = PBXFileReference; fileEncoding = 4; lastKnownFileType = sourcecode.c.objc; name = XPUnaryExpressionTests.m; path = test/XPUnaryExpressionTests.m; sourceTree = SOURCE_ROOT; };
		D368A0211E3BE557005783BB /* XPTestScaffold.h */ = {isa = PBXFileReference; fileEncoding = 4; lastKnownFileType = sourcecode.c.h; name = XPTestScaffold.h; path = test/XPTestScaffold.h; sourceTree = SOURCE_ROOT; };
		D373168F1E3E735A0034798E /* XPBaseExpressionTests.m */ = {isa = PBXFileReference; fileEncoding = 4; lastKnownFileType = sourcecode.c.objc; name = XPBaseExpressionTests.m; path = test/XPBaseExpressionTests.m; sourceTree = SOURCE_ROOT; };
		D37316911E3E73A20034798E /* XPBaseExpressionTests.h */ = {isa = PBXFileReference; lastKnownFileType = sourcecode.c.h; name = XPBaseExpressionTests.h; path = test/XPBaseExpressionTests.h; sourceTree = SOURCE_ROOT; };
		D37316921E3EB75F0034798E /* XPVarDeclTests.m */ = {isa = PBXFileReference; fileEncoding = 4; lastKnownFileType = sourcecode.c.objc; name = XPVarDeclTests.m; path = test/XPVarDeclTests.m; sourceTree = SOURCE_ROOT; };
		D373169C1E3EBA490034798E /* XPBaseStatementTests.h */ = {isa = PBXFileReference; fileEncoding = 4; lastKnownFileType = sourcecode.c.h; name = XPBaseStatementTests.h; path = test/XPBaseStatementTests.h; sourceTree = SOURCE_ROOT; };
		D373169D1E3EBA490034798E /* XPBaseStatementTests.m */ = {isa = PBXFileReference; fileEncoding = 4; lastKnownFileType = sourcecode.c.objc; name = XPBaseStatementTests.m; path = test/XPBaseStatementTests.m; sourceTree = SOURCE_ROOT; };
		D37316A01E3EBD4B0034798E /* XPNode.m */ = {isa = PBXFileReference; fileEncoding = 4; lastKnownFileType = sourcecode.c.objc; name = XPNode.m; path = src/XPNode.m; sourceTree = SOURCE_ROOT; };
		D37316A31E3EBD5C0034798E /* XPNode.h */ = {isa = PBXFileReference; fileEncoding = 4; lastKnownFileType = sourcecode.c.h; name = XPNode.h; path = include/Language/XPNode.h; sourceTree = SOURCE_ROOT; };
		D37316AA1E3EBDD20034798E /* XPInterpreter.m */ = {isa = PBXFileReference; fileEncoding = 4; lastKnownFileType = sourcecode.c.objc; name = XPInterpreter.m; path = src/XPInterpreter.m; sourceTree = SOURCE_ROOT; };
		D37316AD1E3EBDE20034798E /* XPInterpreter.h */ = {isa = PBXFileReference; fileEncoding = 4; lastKnownFileType = sourcecode.c.h; name = XPInterpreter.h; path = include/Language/XPInterpreter.h; sourceTree = SOURCE_ROOT; };
		D37316B41E3EBF800034798E /* XPSymbol.h */ = {isa = PBXFileReference; fileEncoding = 4; lastKnownFileType = sourcecode.c.h; name = XPSymbol.h; path = src/XPSymbol.h; sourceTree = SOURCE_ROOT; };
		D37316B51E3EBF800034798E /* XPSymbol.m */ = {isa = PBXFileReference; fileEncoding = 4; lastKnownFileType = sourcecode.c.objc; name = XPSymbol.m; path = src/XPSymbol.m; sourceTree = SOURCE_ROOT; };
		D37316B81E3EBF980034798E /* XPVariableSymbol.h */ = {isa = PBXFileReference; fileEncoding = 4; lastKnownFileType = sourcecode.c.h; name = XPVariableSymbol.h; path = src/XPVariableSymbol.h; sourceTree = SOURCE_ROOT; };
		D37316B91E3EBF980034798E /* XPVariableSymbol.m */ = {isa = PBXFileReference; fileEncoding = 4; lastKnownFileType = sourcecode.c.objc; name = XPVariableSymbol.m; path = src/XPVariableSymbol.m; sourceTree = SOURCE_ROOT; };
		D37316BE1E3EBFEB0034798E /* XPScope.h */ = {isa = PBXFileReference; fileEncoding = 4; lastKnownFileType = sourcecode.c.h; name = XPScope.h; path = src/XPScope.h; sourceTree = SOURCE_ROOT; };
		D37316C11E3EC1470034798E /* XPBaseScope.h */ = {isa = PBXFileReference; fileEncoding = 4; lastKnownFileType = sourcecode.c.h; name = XPBaseScope.h; path = src/XPBaseScope.h; sourceTree = SOURCE_ROOT; };
		D37316C21E3EC1470034798E /* XPBaseScope.m */ = {isa = PBXFileReference; fileEncoding = 4; lastKnownFileType = sourcecode.c.objc; name = XPBaseScope.m; path = src/XPBaseScope.m; sourceTree = SOURCE_ROOT; };
		D37316C91E3EC49C0034798E /* XPGlobalScope.h */ = {isa = PBXFileReference; fileEncoding = 4; lastKnownFileType = sourcecode.c.h; name = XPGlobalScope.h; path = src/XPGlobalScope.h; sourceTree = SOURCE_ROOT; };
		D37316CA1E3EC49C0034798E /* XPGlobalScope.m */ = {isa = PBXFileReference; fileEncoding = 4; lastKnownFileType = sourcecode.c.objc; name = XPGlobalScope.m; path = src/XPGlobalScope.m; sourceTree = SOURCE_ROOT; };
		D37316CD1E3EC4E50034798E /* XPLocalScope.h */ = {isa = PBXFileReference; fileEncoding = 4; lastKnownFileType = sourcecode.c.h; name = XPLocalScope.h; path = src/XPLocalScope.h; sourceTree = SOURCE_ROOT; };
		D37316CE1E3EC4E50034798E /* XPLocalScope.m */ = {isa = PBXFileReference; fileEncoding = 4; lastKnownFileType = sourcecode.c.objc; name = XPLocalScope.m; path = src/XPLocalScope.m; sourceTree = SOURCE_ROOT; };
		D37316D11E3EC5430034798E /* XPMemorySpace.h */ = {isa = PBXFileReference; fileEncoding = 4; lastKnownFileType = sourcecode.c.h; name = XPMemorySpace.h; path = src/XPMemorySpace.h; sourceTree = SOURCE_ROOT; };
		D37316D21E3EC5430034798E /* XPMemorySpace.m */ = {isa = PBXFileReference; fileEncoding = 4; lastKnownFileType = sourcecode.c.objc; name = XPMemorySpace.m; path = src/XPMemorySpace.m; sourceTree = SOURCE_ROOT; };
		D37316DA1E3FA9980034798E /* XPTreeWalker.h */ = {isa = PBXFileReference; fileEncoding = 4; lastKnownFileType = sourcecode.c.h; name = XPTreeWalker.h; path = src/XPTreeWalker.h; sourceTree = SOURCE_ROOT; };
		D37316DB1E3FA9980034798E /* XPTreeWalker.m */ = {isa = PBXFileReference; fileEncoding = 4; lastKnownFileType = sourcecode.c.objc; name = XPTreeWalker.m; path = src/XPTreeWalker.m; sourceTree = SOURCE_ROOT; };
		D37316E31E3FAB140034798E /* XPTreeWalkerExec.h */ = {isa = PBXFileReference; fileEncoding = 4; lastKnownFileType = sourcecode.c.h; name = XPTreeWalkerExec.h; path = src/XPTreeWalkerExec.h; sourceTree = SOURCE_ROOT; };
		D37316E41E3FAB140034798E /* XPTreeWalkerExec.m */ = {isa = PBXFileReference; fileEncoding = 4; lastKnownFileType = sourcecode.c.objc; name = XPTreeWalkerExec.m; path = src/XPTreeWalkerExec.m; sourceTree = SOURCE_ROOT; };
		D37316E71E3FB6AD0034798E /* XPAssignTests.m */ = {isa = PBXFileReference; fileEncoding = 4; lastKnownFileType = sourcecode.c.objc; name = XPAssignTests.m; path = test/XPAssignTests.m; sourceTree = SOURCE_ROOT; };
		D37316EB1E4121110034798E /* XPException.m */ = {isa = PBXFileReference; fileEncoding = 4; lastKnownFileType = sourcecode.c.objc; name = XPException.m; path = src/XPException.m; sourceTree = SOURCE_ROOT; };
		D37CE4A81E4CE4470008945E /* XPObject.h */ = {isa = PBXFileReference; fileEncoding = 4; lastKnownFileType = sourcecode.c.h; name = XPObject.h; path = src/XPObject.h; sourceTree = SOURCE_ROOT; };
		D37CE4A91E4CE4470008945E /* XPObject.m */ = {isa = PBXFileReference; fileEncoding = 4; lastKnownFileType = sourcecode.c.objc; name = XPObject.m; path = src/XPObject.m; sourceTree = SOURCE_ROOT; };
		D37CE4AC1E4CE4500008945E /* XPClass.h */ = {isa = PBXFileReference; fileEncoding = 4; lastKnownFileType = sourcecode.c.h; name = XPClass.h; path = src/XPClass.h; sourceTree = SOURCE_ROOT; };
		D37CE4AD1E4CE4500008945E /* XPClass.m */ = {isa = PBXFileReference; fileEncoding = 4; lastKnownFileType = sourcecode.c.objc; name = XPClass.m; path = src/XPClass.m; sourceTree = SOURCE_ROOT; };
		D37CE4B01E4CE6940008945E /* XPArrayClass.h */ = {isa = PBXFileReference; fileEncoding = 4; lastKnownFileType = sourcecode.c.h; name = XPArrayClass.h; path = src/XPArrayClass.h; sourceTree = SOURCE_ROOT; };
		D37CE4B11E4CE6940008945E /* XPArrayClass.m */ = {isa = PBXFileReference; fileEncoding = 4; lastKnownFileType = sourcecode.c.objc; name = XPArrayClass.m; path = src/XPArrayClass.m; sourceTree = SOURCE_ROOT; };
		D3A7F27B1E4D71CC00C7099B /* XPBooleanClass.h */ = {isa = PBXFileReference; fileEncoding = 4; lastKnownFileType = sourcecode.c.h; name = XPBooleanClass.h; path = src/XPBooleanClass.h; sourceTree = SOURCE_ROOT; };
		D3A7F27C1E4D71CC00C7099B /* XPBooleanClass.m */ = {isa = PBXFileReference; fileEncoding = 4; lastKnownFileType = sourcecode.c.objc; name = XPBooleanClass.m; path = src/XPBooleanClass.m; sourceTree = SOURCE_ROOT; };
		D3A7F27F1E4D79FB00C7099B /* XPNumberClass.h */ = {isa = PBXFileReference; fileEncoding = 4; lastKnownFileType = sourcecode.c.h; name = XPNumberClass.h; path = src/XPNumberClass.h; sourceTree = SOURCE_ROOT; };
		D3A7F2801E4D79FB00C7099B /* XPNumberClass.m */ = {isa = PBXFileReference; fileEncoding = 4; lastKnownFileType = sourcecode.c.objc; name = XPNumberClass.m; path = src/XPNumberClass.m; sourceTree = SOURCE_ROOT; };
		D3A7F2831E4D7A8A00C7099B /* XPStringClass.h */ = {isa = PBXFileReference; fileEncoding = 4; lastKnownFileType = sourcecode.c.h; name = XPStringClass.h; path = src/XPStringClass.h; sourceTree = SOURCE_ROOT; };
		D3A7F2841E4D7A8A00C7099B /* XPStringClass.m */ = {isa = PBXFileReference; fileEncoding = 4; lastKnownFileType = sourcecode.c.objc; name = XPStringClass.m; path = src/XPStringClass.m; sourceTree = SOURCE_ROOT; };
		D3A7F28A1E4E5D1700C7099B /* XPFunctionClass.h */ = {isa = PBXFileReference; fileEncoding = 4; lastKnownFileType = sourcecode.c.h; name = XPFunctionClass.h; path = src/XPFunctionClass.h; sourceTree = SOURCE_ROOT; };
		D3A7F28B1E4E5D1700C7099B /* XPFunctionClass.m */ = {isa = PBXFileReference; fileEncoding = 4; lastKnownFileType = sourcecode.c.objc; name = XPFunctionClass.m; path = src/XPFunctionClass.m; sourceTree = SOURCE_ROOT; };
		D3A7F28E1E511E3200C7099B /* XPNullClass.h */ = {isa = PBXFileReference; fileEncoding = 4; lastKnownFileType = sourcecode.c.h; name = XPNullClass.h; path = src/XPNullClass.h; sourceTree = SOURCE_ROOT; };
		D3A7F28F1E511E3200C7099B /* XPNullClass.m */ = {isa = PBXFileReference; fileEncoding = 4; lastKnownFileType = sourcecode.c.objc; name = XPNullClass.m; path = src/XPNullClass.m; sourceTree = SOURCE_ROOT; };
		D3A7F2921E51219900C7099B /* XPEnumeration.h */ = {isa = PBXFileReference; fileEncoding = 4; lastKnownFileType = sourcecode.c.h; name = XPEnumeration.h; path = src/XPEnumeration.h; sourceTree = SOURCE_ROOT; };
		D3A7F2931E51219900C7099B /* XPEnumeration.m */ = {isa = PBXFileReference; fileEncoding = 4; lastKnownFileType = sourcecode.c.objc; name = XPEnumeration.m; path = src/XPEnumeration.m; sourceTree = SOURCE_ROOT; };
		D3A7F2961E51245400C7099B /* XPForBlockTests.m */ = {isa = PBXFileReference; fileEncoding = 4; lastKnownFileType = sourcecode.c.objc; name = XPForBlockTests.m; path = test/XPForBlockTests.m; sourceTree = SOURCE_ROOT; };
		D3A7F2981E512E6D00C7099B /* XPDictionaryClass.h */ = {isa = PBXFileReference; fileEncoding = 4; lastKnownFileType = sourcecode.c.h; name = XPDictionaryClass.h; path = src/XPDictionaryClass.h; sourceTree = SOURCE_ROOT; };
		D3A7F2991E512E6D00C7099B /* XPDictionaryClass.m */ = {isa = PBXFileReference; fileEncoding = 4; lastKnownFileType = sourcecode.c.objc; name = XPDictionaryClass.m; path = src/XPDictionaryClass.m; sourceTree = SOURCE_ROOT; };
		D3A7F29C1E5130C200C7099B /* XPDictionaryLiteralTests.m */ = {isa = PBXFileReference; fileEncoding = 4; lastKnownFileType = sourcecode.c.objc; name = XPDictionaryLiteralTests.m; path = test/XPDictionaryLiteralTests.m; sourceTree = SOURCE_ROOT; };
		D3B5F7351E47F50C00740161 /* XPArrayLiteralTests.m */ = {isa = PBXFileReference; fileEncoding = 4; lastKnownFileType = sourcecode.c.objc; name = XPArrayLiteralTests.m; path = test/XPArrayLiteralTests.m; sourceTree = SOURCE_ROOT; };
		D3BB83641E454B8F007AC9DD /* XPException.h */ = {isa = PBXFileReference; fileEncoding = 4; lastKnownFileType = sourcecode.c.h; name = XPException.h; path = include/Language/XPException.h; sourceTree = SOURCE_ROOT; };
		D3DF58B61E429ACA006CAA07 /* XPFuncDeclTests.m */ = {isa = PBXFileReference; fileEncoding = 4; lastKnownFileType = sourcecode.c.objc; name = XPFuncDeclTests.m; path = test/XPFuncDeclTests.m; sourceTree = SOURCE_ROOT; };
		D3DF58B81E429C6F006CAA07 /* XPScopedSymbol.h */ = {isa = PBXFileReference; fileEncoding = 4; lastKnownFileType = sourcecode.c.h; name = XPScopedSymbol.h; path = src/XPScopedSymbol.h; sourceTree = SOURCE_ROOT; };
		D3DF58B91E429C6F006CAA07 /* XPScopedSymbol.m */ = {isa = PBXFileReference; fileEncoding = 4; lastKnownFileType = sourcecode.c.objc; name = XPScopedSymbol.m; path = src/XPScopedSymbol.m; sourceTree = SOURCE_ROOT; };
		D3DF58BC1E429E45006CAA07 /* XPFunctionSymbol.h */ = {isa = PBXFileReference; fileEncoding = 4; lastKnownFileType = sourcecode.c.h; name = XPFunctionSymbol.h; path = src/XPFunctionSymbol.h; sourceTree = SOURCE_ROOT; };
		D3DF58BD1E429E45006CAA07 /* XPFunctionSymbol.m */ = {isa = PBXFileReference; fileEncoding = 4; lastKnownFileType = sourcecode.c.objc; name = XPFunctionSymbol.m; path = src/XPFunctionSymbol.m; sourceTree = SOURCE_ROOT; };
		D3DF58C41E42F346006CAA07 /* XPFunctionSpace.h */ = {isa = PBXFileReference; fileEncoding = 4; lastKnownFileType = sourcecode.c.h; name = XPFunctionSpace.h; path = src/XPFunctionSpace.h; sourceTree = SOURCE_ROOT; };
		D3DF58C51E42F346006CAA07 /* XPFunctionSpace.m */ = {isa = PBXFileReference; fileEncoding = 4; lastKnownFileType = sourcecode.c.objc; name = XPFunctionSpace.m; path = src/XPFunctionSpace.m; sourceTree = SOURCE_ROOT; };
		D3DF58CC1E44E276006CAA07 /* XPIfBlockTests.m */ = {isa = PBXFileReference; fileEncoding = 4; lastKnownFileType = sourcecode.c.objc; name = XPIfBlockTests.m; path = test/XPIfBlockTests.m; sourceTree = SOURCE_ROOT; };
		D3DF58CE1E44F69F006CAA07 /* XPWhileBlockTests.m */ = {isa = PBXFileReference; fileEncoding = 4; lastKnownFileType = sourcecode.c.objc; name = XPWhileBlockTests.m; path = test/XPWhileBlockTests.m; sourceTree = SOURCE_ROOT; };
/* End PBXFileReference section */

/* Begin PBXFrameworksBuildPhase section */
		D30562881E3BD929008BEC9A /* Frameworks */ = {
			isa = PBXFrameworksBuildPhase;
			buildActionMask = 2147483647;
			files = (
				D3689FA41E3BDB57005783BB /* PEGKit.framework in Frameworks */,
				D3689FA51E3BDB57005783BB /* TDTemplateEngine.framework in Frameworks */,
			);
			runOnlyForDeploymentPostprocessing = 0;
		};
		D30562921E3BD929008BEC9A /* Frameworks */ = {
			isa = PBXFrameworksBuildPhase;
			buildActionMask = 2147483647;
			files = (
				D368A0251E3BE7B5005783BB /* PEGKit.framework in Frameworks */,
				D30562961E3BD929008BEC9A /* Language.framework in Frameworks */,
			);
			runOnlyForDeploymentPostprocessing = 0;
		};
/* End PBXFrameworksBuildPhase section */

/* Begin PBXGroup section */
		D30562821E3BD929008BEC9A = {
			isa = PBXGroup;
			children = (
				D305628E1E3BD929008BEC9A /* Framework */,
				D30562991E3BD929008BEC9A /* Tests */,
				D305628D1E3BD929008BEC9A /* Products */,
				D3689FA11E3BDB57005783BB /* Frameworks */,
			);
			sourceTree = "<group>";
		};
		D305628D1E3BD929008BEC9A /* Products */ = {
			isa = PBXGroup;
			children = (
				D305628C1E3BD929008BEC9A /* Language.framework */,
				D30562951E3BD929008BEC9A /* LanguageTests.xctest */,
			);
			name = Products;
			sourceTree = "<group>";
		};
		D305628E1E3BD929008BEC9A /* Framework */ = {
			isa = PBXGroup;
			children = (
				D305628F1E3BD929008BEC9A /* Language.h */,
				D368A0061E3BE383005783BB /* XPParser.h */,
				D368A0071E3BE383005783BB /* XPParser.m */,
				D37316AD1E3EBDE20034798E /* XPInterpreter.h */,
				D37316AA1E3EBDD20034798E /* XPInterpreter.m */,
				D37CE4B41E4CF2730008945E /* Object */,
				D32E70BB1E5365CF00728D80 /* Functions */,
				D37316DE1E3FA9A10034798E /* Tree */,
				D37316C01E3EC1330034798E /* Scope */,
				D37316D51E3EC6B80034798E /* MemSpace */,
				D37316B31E3EBF690034798E /* Sym */,
				D368A0051E3BE0D4005783BB /* Resources */,
			);
			name = Framework;
			path = Language;
			sourceTree = "<group>";
		};
		D30562991E3BD929008BEC9A /* Tests */ = {
			isa = PBXGroup;
			children = (
				D3166E421E55F88C00DEE3A0 /* Scripts */,
				D368A0211E3BE557005783BB /* XPTestScaffold.h */,
				D368A00B1E3BE4F8005783BB /* XPBaseTests.h */,
				D368A00C1E3BE4F8005783BB /* XPBaseTests.m */,
				D3166DDC1E53997700DEE3A0 /* Func */,
				D37316951E3EB7930034798E /* Stat */,
				D37316941E3EB78B0034798E /* Expr */,
				D305629C1E3BD929008BEC9A /* Info.plist */,
			);
			name = Tests;
			path = LanguageTests;
			sourceTree = "<group>";
		};
		D3166DDC1E53997700DEE3A0 /* Func */ = {
			isa = PBXGroup;
			children = (
				D3166DDA1E53997100DEE3A0 /* FNSequenceTests.m */,
				D3166E331E54E37F00DEE3A0 /* FNCollectionTests.m */,
				D3166DED1E53B21700DEE3A0 /* FNTypeTests.m */,
				D3166DFB1E53B8CA00DEE3A0 /* FNAssertTests.m */,
				D3166E1A1E54BD9000DEE3A0 /* FNStringTests.m */,
			);
			name = Func;
			sourceTree = "<group>";
		};
		D3166DF61E53B7B100DEE3A0 /* Types */ = {
			isa = PBXGroup;
			children = (
				D3166DEF1E53B23500DEE3A0 /* FNType.h */,
				D3166DF01E53B23500DEE3A0 /* FNType.m */,
				D3166DE11E53B0C400DEE3A0 /* FNBoolean.h */,
				D3166DE21E53B0C400DEE3A0 /* FNBoolean.m */,
				D3166DE51E53B16F00DEE3A0 /* FNNumber.h */,
				D3166DE61E53B16F00DEE3A0 /* FNNumber.m */,
				D3166DE91E53B18000DEE3A0 /* FNString.h */,
				D3166DEA1E53B18000DEE3A0 /* FNString.m */,
			);
			name = Types;
			sourceTree = "<group>";
		};
		D3166E111E53F8E500DEE3A0 /* String */ = {
			isa = PBXGroup;
			children = (
				D3166E221E54C8BD00DEE3A0 /* FNCompare.h */,
				D3166E231E54C8BD00DEE3A0 /* FNCompare.m */,
				D3166E011E53F64300DEE3A0 /* FNTrim.h */,
				D3166E021E53F64300DEE3A0 /* FNTrim.m */,
				D3166E051E53F6DB00DEE3A0 /* FNLowercase.h */,
				D3166E061E53F6DB00DEE3A0 /* FNLowerCase.m */,
				D3166E091E53F71800DEE3A0 /* FNUppercase.h */,
				D3166E0A1E53F71800DEE3A0 /* FNUppercase.m */,
				D3166E121E54BAFE00DEE3A0 /* FNMatches.h */,
				D3166E131E54BAFE00DEE3A0 /* FNMatches.m */,
				D3166E161E54BD4F00DEE3A0 /* FNReplace.h */,
				D3166E171E54BD4F00DEE3A0 /* FNReplace.m */,
			);
			name = String;
			sourceTree = "<group>";
		};
		D3166E1D1E54C72F00DEE3A0 /* Number */ = {
			isa = PBXGroup;
			children = (
				D3166E1E1E54C76200DEE3A0 /* FNIsNan.h */,
				D3166E1F1E54C76200DEE3A0 /* FNIsNan.m */,
			);
			name = Number;
			sourceTree = "<group>";
		};
		D3166E2D1E54E12D00DEE3A0 /* Seq */ = {
			isa = PBXGroup;
			children = (
				D3166DD61E53989300DEE3A0 /* FNCount.h */,
				D3166DD71E53989300DEE3A0 /* FNCount.m */,
				D3166E291E54DD4600DEE3A0 /* FNPosition.h */,
				D3166E2A1E54DD4600DEE3A0 /* FNPosition.m */,
				D32E70C01E5367A900728D80 /* FNRange.h */,
				D32E70C11E5367A900728D80 /* FNRange.m */,
			);
			name = Seq;
			sourceTree = "<group>";
		};
		D3166E2E1E54E13700DEE3A0 /* Util */ = {
			isa = PBXGroup;
			children = (
				D3166DDD1E53B03300DEE3A0 /* FNPrint.h */,
				D3166DDE1E53B03300DEE3A0 /* FNPrint.m */,
				D3166DF71E53B7D000DEE3A0 /* FNAssert.h */,
				D3166DF81E53B7D000DEE3A0 /* FNAssert.m */,
				D3166DFD1E53B9A900DEE3A0 /* FNCopy.h */,
				D3166DFE1E53B9A900DEE3A0 /* FNCopy.m */,
			);
			name = Util;
			sourceTree = "<group>";
		};
		D3166E421E55F88C00DEE3A0 /* Scripts */ = {
			isa = PBXGroup;
			children = (
				D3166E461E55FE6D00DEE3A0 /* testClosuresLoopWithGlobalVar.js */,
				D3166E431E55F8EC00DEE3A0 /* testClosuresLoopWithLocalVar.js */,
				D3166E481E5603D200DEE3A0 /* testDoubleNestedClosure.js */,
				D3166E4C1E5604D600DEE3A0 /* testGlobalVarFromClosure.js */,
				D3166E611E5611F800DEE3A0 /* testGlobalVarFromClosure2.js */,
				D3166E631E56121700DEE3A0 /* testGlobalVarFromClosure3.js */,
				D3166E4A1E56046E00DEE3A0 /* testLocalVarFromClosure.js */,
				D3166E6B1E57A11400DEE3A0 /* testLocals.js */,
				D3166E721E57A6C100DEE3A0 /* testGlobals.js */,
			);
			name = Scripts;
			sourceTree = "<group>";
		};
		D3166E6D1E57A3D900DEE3A0 /* Collection */ = {
			isa = PBXGroup;
			children = (
				D3166E2F1E54E2ED00DEE3A0 /* FNMap.h */,
				D3166E301E54E2ED00DEE3A0 /* FNMap.m */,
				D3166E361E54E4CD00DEE3A0 /* FNFilter.h */,
				D3166E371E54E4CE00DEE3A0 /* FNFilter.m */,
				D3166E671E579FDE00DEE3A0 /* FNLocals.h */,
				D3166E681E579FDE00DEE3A0 /* FNLocals.m */,
				D3166E6E1E57A69500DEE3A0 /* FNGlobals.h */,
				D3166E6F1E57A69500DEE3A0 /* FNGlobals.m */,
			);
			name = Collection;
			sourceTree = "<group>";
		};
		D32E70BB1E5365CF00728D80 /* Functions */ = {
			isa = PBXGroup;
			children = (
				D32E70BC1E5365F700728D80 /* XPFunctionBody.h */,
				D32E70BD1E5365F700728D80 /* XPFunctionBody.m */,
				D3166E2E1E54E13700DEE3A0 /* Util */,
				D3166DF61E53B7B100DEE3A0 /* Types */,
				D3166E1D1E54C72F00DEE3A0 /* Number */,
				D3166E111E53F8E500DEE3A0 /* String */,
				D3166E2D1E54E12D00DEE3A0 /* Seq */,
				D3166E6D1E57A3D900DEE3A0 /* Collection */,
			);
			name = Functions;
			sourceTree = "<group>";
		};
		D3689FA11E3BDB57005783BB /* Frameworks */ = {
			isa = PBXGroup;
			children = (
				D3689FA21E3BDB57005783BB /* PEGKit.framework */,
				D3689FA31E3BDB57005783BB /* TDTemplateEngine.framework */,
			);
			name = Frameworks;
			sourceTree = "<group>";
		};
		D368A0051E3BE0D4005783BB /* Resources */ = {
			isa = PBXGroup;
			children = (
				D368A0041E3BE0C7005783BB /* Language-Prefix.pch */,
				D30562901E3BD929008BEC9A /* Info.plist */,
			);
			name = Resources;
			sourceTree = "<group>";
		};
		D37316941E3EB78B0034798E /* Expr */ = {
			isa = PBXGroup;
			children = (
				D37CE4A71E4C1DE50008945E /* Unused */,
				D3166E651E56595D00DEE3A0 /* XPNumberExpressionTests.m */,
				D368A0151E3BE4F8005783BB /* XPUnaryExpressionTests.m */,
				D368A0111E3BE4F8005783BB /* XPNegationExpressionTests.m */,
				D368A00D1E3BE4F8005783BB /* XPBooleanExpressionTests.m */,
				D368A00F1E3BE4F8005783BB /* XPEqualityExpressionTests.m */,
				D368A0141E3BE4F8005783BB /* XPRelationalExpressionTests.m */,
				D368A00A1E3BE4F8005783BB /* XPArithmeticExpressionTests.m */,
			);
			name = Expr;
			sourceTree = "<group>";
		};
		D37316951E3EB7930034798E /* Stat */ = {
			isa = PBXGroup;
			children = (
				D373169C1E3EBA490034798E /* XPBaseStatementTests.h */,
				D373169D1E3EBA490034798E /* XPBaseStatementTests.m */,
				D37316921E3EB75F0034798E /* XPVarDeclTests.m */,
				D37316E71E3FB6AD0034798E /* XPAssignTests.m */,
				D3DF58CC1E44E276006CAA07 /* XPIfBlockTests.m */,
				D3DF58CE1E44F69F006CAA07 /* XPWhileBlockTests.m */,
				D3A7F2961E51245400C7099B /* XPForBlockTests.m */,
				D34B7CDF1E52A3C80094D2EC /* XPStringLiteralTests.m */,
				D3DF58B61E429ACA006CAA07 /* XPFuncDeclTests.m */,
				D30C5C5D1E4508DC001A6F5D /* XPFuncLiteralTests.m */,
				D3B5F7351E47F50C00740161 /* XPArrayLiteralTests.m */,
				D3A7F29C1E5130C200C7099B /* XPDictionaryLiteralTests.m */,
			);
			name = Stat;
			sourceTree = "<group>";
		};
		D37316B31E3EBF690034798E /* Sym */ = {
			isa = PBXGroup;
			children = (
				D37316B41E3EBF800034798E /* XPSymbol.h */,
				D37316B51E3EBF800034798E /* XPSymbol.m */,
				D37316B81E3EBF980034798E /* XPVariableSymbol.h */,
				D37316B91E3EBF980034798E /* XPVariableSymbol.m */,
				D3DF58B81E429C6F006CAA07 /* XPScopedSymbol.h */,
				D3DF58B91E429C6F006CAA07 /* XPScopedSymbol.m */,
				D3DF58BC1E429E45006CAA07 /* XPFunctionSymbol.h */,
				D3DF58BD1E429E45006CAA07 /* XPFunctionSymbol.m */,
			);
			name = Sym;
			sourceTree = "<group>";
		};
		D37316C01E3EC1330034798E /* Scope */ = {
			isa = PBXGroup;
			children = (
				D37316BE1E3EBFEB0034798E /* XPScope.h */,
				D37316C11E3EC1470034798E /* XPBaseScope.h */,
				D37316C21E3EC1470034798E /* XPBaseScope.m */,
				D37316C91E3EC49C0034798E /* XPGlobalScope.h */,
				D37316CA1E3EC49C0034798E /* XPGlobalScope.m */,
				D37316CD1E3EC4E50034798E /* XPLocalScope.h */,
				D37316CE1E3EC4E50034798E /* XPLocalScope.m */,
			);
			name = Scope;
			sourceTree = "<group>";
		};
		D37316D51E3EC6B80034798E /* MemSpace */ = {
			isa = PBXGroup;
			children = (
				D37316D11E3EC5430034798E /* XPMemorySpace.h */,
				D37316D21E3EC5430034798E /* XPMemorySpace.m */,
				D3DF58C41E42F346006CAA07 /* XPFunctionSpace.h */,
				D3DF58C51E42F346006CAA07 /* XPFunctionSpace.m */,
			);
			name = MemSpace;
			sourceTree = "<group>";
		};
		D37316DE1E3FA9A10034798E /* Tree */ = {
			isa = PBXGroup;
			children = (
				D37316A31E3EBD5C0034798E /* XPNode.h */,
				D37316A01E3EBD4B0034798E /* XPNode.m */,
				D3BB83641E454B8F007AC9DD /* XPException.h */,
				D37316EB1E4121110034798E /* XPException.m */,
				D3166E3A1E54EBA200DEE3A0 /* XPReturnException.h */,
				D3166E3B1E54EBA200DEE3A0 /* XPReturnException.m */,
				D37316DA1E3FA9980034798E /* XPTreeWalker.h */,
				D37316DB1E3FA9980034798E /* XPTreeWalker.m */,
				D37316E31E3FAB140034798E /* XPTreeWalkerExec.h */,
				D37316E41E3FAB140034798E /* XPTreeWalkerExec.m */,
			);
			name = Tree;
			sourceTree = "<group>";
		};
		D37CE4A71E4C1DE50008945E /* Unused */ = {
			isa = PBXGroup;
			children = (
				D37316911E3E73A20034798E /* XPBaseExpressionTests.h */,
				D373168F1E3E735A0034798E /* XPBaseExpressionTests.m */,
			);
			name = Unused;
			sourceTree = "<group>";
		};
		D37CE4B41E4CF2730008945E /* Object */ = {
			isa = PBXGroup;
			children = (
				D37CE4A81E4CE4470008945E /* XPObject.h */,
				D37CE4A91E4CE4470008945E /* XPObject.m */,
				D37CE4AC1E4CE4500008945E /* XPClass.h */,
				D37CE4AD1E4CE4500008945E /* XPClass.m */,
				D3A7F28E1E511E3200C7099B /* XPNullClass.h */,
				D3A7F28F1E511E3200C7099B /* XPNullClass.m */,
				D3A7F27B1E4D71CC00C7099B /* XPBooleanClass.h */,
				D3A7F27C1E4D71CC00C7099B /* XPBooleanClass.m */,
				D3A7F27F1E4D79FB00C7099B /* XPNumberClass.h */,
				D3A7F2801E4D79FB00C7099B /* XPNumberClass.m */,
				D3A7F2831E4D7A8A00C7099B /* XPStringClass.h */,
				D3A7F2841E4D7A8A00C7099B /* XPStringClass.m */,
				D37CE4B01E4CE6940008945E /* XPArrayClass.h */,
				D37CE4B11E4CE6940008945E /* XPArrayClass.m */,
				D3A7F2981E512E6D00C7099B /* XPDictionaryClass.h */,
				D3A7F2991E512E6D00C7099B /* XPDictionaryClass.m */,
				D3A7F28A1E4E5D1700C7099B /* XPFunctionClass.h */,
				D3A7F28B1E4E5D1700C7099B /* XPFunctionClass.m */,
				D3A7F2921E51219900C7099B /* XPEnumeration.h */,
				D3A7F2931E51219900C7099B /* XPEnumeration.m */,
			);
			name = Object;
			sourceTree = "<group>";
		};
/* End PBXGroup section */

/* Begin PBXHeadersBuildPhase section */
		D30562891E3BD929008BEC9A /* Headers */ = {
			isa = PBXHeadersBuildPhase;
			buildActionMask = 2147483647;
			files = (
				D3166DDF1E53B03300DEE3A0 /* FNPrint.h in Headers */,
				D3166DF11E53B23500DEE3A0 /* FNType.h in Headers */,
				D3DF58C61E42F346006CAA07 /* XPFunctionSpace.h in Headers */,
				D37316AE1E3EBDE20034798E /* XPInterpreter.h in Headers */,
				D3166E141E54BAFE00DEE3A0 /* FNMatches.h in Headers */,
				D3166DFF1E53B9A900DEE3A0 /* FNCopy.h in Headers */,
				D3166DEB1E53B18000DEE3A0 /* FNString.h in Headers */,
				D3BB83651E454B8F007AC9DD /* XPException.h in Headers */,
				D3166E241E54C8BD00DEE3A0 /* FNCompare.h in Headers */,
				D37316A41E3EBD5C0034798E /* XPNode.h in Headers */,
				D3DF58BE1E429E45006CAA07 /* XPFunctionSymbol.h in Headers */,
				D3A7F29A1E512E6D00C7099B /* XPDictionaryClass.h in Headers */,
				D368A0081E3BE383005783BB /* XPParser.h in Headers */,
				D3166DF91E53B7D000DEE3A0 /* FNAssert.h in Headers */,
				D37316C31E3EC1470034798E /* XPBaseScope.h in Headers */,
				D3166DD81E53989300DEE3A0 /* FNCount.h in Headers */,
				D3166E181E54BD4F00DEE3A0 /* FNReplace.h in Headers */,
				D3166DE71E53B16F00DEE3A0 /* FNNumber.h in Headers */,
				D37316DC1E3FA9980034798E /* XPTreeWalker.h in Headers */,
				D32E70C21E5367A900728D80 /* FNRange.h in Headers */,
				D37316D31E3EC5430034798E /* XPMemorySpace.h in Headers */,
				D3166E071E53F6DB00DEE3A0 /* FNLowercase.h in Headers */,
				D3166E691E579FDE00DEE3A0 /* FNLocals.h in Headers */,
				D305629D1E3BD929008BEC9A /* Language.h in Headers */,
				D37316E51E3FAB140034798E /* XPTreeWalkerExec.h in Headers */,
				D37CE4AE1E4CE4500008945E /* XPClass.h in Headers */,
				D3166E0B1E53F71800DEE3A0 /* FNUppercase.h in Headers */,
				D37316BF1E3EBFEB0034798E /* XPScope.h in Headers */,
				D3166E311E54E2ED00DEE3A0 /* FNMap.h in Headers */,
				D3166E381E54E4CE00DEE3A0 /* FNFilter.h in Headers */,
				D3166E2B1E54DD4600DEE3A0 /* FNPosition.h in Headers */,
				D3A7F2811E4D79FB00C7099B /* XPNumberClass.h in Headers */,
				D37316CB1E3EC49C0034798E /* XPGlobalScope.h in Headers */,
				D3166E3C1E54EBA200DEE3A0 /* XPReturnException.h in Headers */,
				D37316B61E3EBF800034798E /* XPSymbol.h in Headers */,
				D3A7F2941E51219900C7099B /* XPEnumeration.h in Headers */,
				D3166DE31E53B0C400DEE3A0 /* FNBoolean.h in Headers */,
				D3166E701E57A69500DEE3A0 /* FNGlobals.h in Headers */,
				D32E70BE1E5365F700728D80 /* XPFunctionBody.h in Headers */,
				D37316BA1E3EBF980034798E /* XPVariableSymbol.h in Headers */,
				D37316CF1E3EC4E50034798E /* XPLocalScope.h in Headers */,
				D3A7F2851E4D7A8A00C7099B /* XPStringClass.h in Headers */,
				D3A7F2901E511E3200C7099B /* XPNullClass.h in Headers */,
				D37CE4AA1E4CE4470008945E /* XPObject.h in Headers */,
				D3166E271E54CB6000DEE3A0 /* FNTrim.h in Headers */,
				D3A7F27D1E4D71CC00C7099B /* XPBooleanClass.h in Headers */,
				D3DF58BA1E429C6F006CAA07 /* XPScopedSymbol.h in Headers */,
				D3166E201E54C76200DEE3A0 /* FNIsNan.h in Headers */,
				D37CE4B21E4CE6940008945E /* XPArrayClass.h in Headers */,
				D3A7F28C1E4E5D1700C7099B /* XPFunctionClass.h in Headers */,
			);
			runOnlyForDeploymentPostprocessing = 0;
		};
/* End PBXHeadersBuildPhase section */

/* Begin PBXNativeTarget section */
		D305628B1E3BD929008BEC9A /* Language */ = {
			isa = PBXNativeTarget;
			buildConfigurationList = D30562A01E3BD929008BEC9A /* Build configuration list for PBXNativeTarget "Language" */;
			buildPhases = (
				D30562871E3BD929008BEC9A /* Sources */,
				D30562881E3BD929008BEC9A /* Frameworks */,
				D30562891E3BD929008BEC9A /* Headers */,
				D305628A1E3BD929008BEC9A /* Resources */,
			);
			buildRules = (
			);
			dependencies = (
			);
			name = Language;
			productName = Language;
			productReference = D305628C1E3BD929008BEC9A /* Language.framework */;
			productType = "com.apple.product-type.framework";
		};
		D30562941E3BD929008BEC9A /* LanguageTests */ = {
			isa = PBXNativeTarget;
			buildConfigurationList = D30562A31E3BD929008BEC9A /* Build configuration list for PBXNativeTarget "LanguageTests" */;
			buildPhases = (
				D30562911E3BD929008BEC9A /* Sources */,
				D30562921E3BD929008BEC9A /* Frameworks */,
				D30562931E3BD929008BEC9A /* Resources */,
			);
			buildRules = (
			);
			dependencies = (
				D30562981E3BD929008BEC9A /* PBXTargetDependency */,
			);
			name = LanguageTests;
			productName = LanguageTests;
			productReference = D30562951E3BD929008BEC9A /* LanguageTests.xctest */;
			productType = "com.apple.product-type.bundle.unit-test";
		};
/* End PBXNativeTarget section */

/* Begin PBXProject section */
		D30562831E3BD929008BEC9A /* Project object */ = {
			isa = PBXProject;
			attributes = {
				LastUpgradeCheck = 0820;
				ORGANIZATIONNAME = "Celestial Teapot";
				TargetAttributes = {
					D305628B1E3BD929008BEC9A = {
						CreatedOnToolsVersion = 8.2.1;
						ProvisioningStyle = Automatic;
					};
					D30562941E3BD929008BEC9A = {
						CreatedOnToolsVersion = 8.2.1;
						ProvisioningStyle = Automatic;
					};
				};
			};
			buildConfigurationList = D30562861E3BD929008BEC9A /* Build configuration list for PBXProject "Language" */;
			compatibilityVersion = "Xcode 3.2";
			developmentRegion = English;
			hasScannedForEncodings = 0;
			knownRegions = (
				en,
			);
			mainGroup = D30562821E3BD929008BEC9A;
			productRefGroup = D305628D1E3BD929008BEC9A /* Products */;
			projectDirPath = "";
			projectRoot = "";
			targets = (
				D305628B1E3BD929008BEC9A /* Language */,
				D30562941E3BD929008BEC9A /* LanguageTests */,
			);
		};
/* End PBXProject section */

/* Begin PBXResourcesBuildPhase section */
		D305628A1E3BD929008BEC9A /* Resources */ = {
			isa = PBXResourcesBuildPhase;
			buildActionMask = 2147483647;
			files = (
			);
			runOnlyForDeploymentPostprocessing = 0;
		};
		D30562931E3BD929008BEC9A /* Resources */ = {
			isa = PBXResourcesBuildPhase;
			buildActionMask = 2147483647;
			files = (
				D3166E471E55FE6D00DEE3A0 /* testClosuresLoopWithGlobalVar.js in Resources */,
				D3166E491E5603D200DEE3A0 /* testDoubleNestedClosure.js in Resources */,
				D3166E621E5611F800DEE3A0 /* testGlobalVarFromClosure2.js in Resources */,
				D3166E4B1E56046E00DEE3A0 /* testLocalVarFromClosure.js in Resources */,
				D3166E641E56121700DEE3A0 /* testGlobalVarFromClosure3.js in Resources */,
				D3166E441E55F8EC00DEE3A0 /* testClosuresLoopWithLocalVar.js in Resources */,
				D3166E6C1E57A11400DEE3A0 /* testLocals.js in Resources */,
				D3166E4D1E5604D600DEE3A0 /* testGlobalVarFromClosure.js in Resources */,
				D3166E731E57A6C100DEE3A0 /* testGlobals.js in Resources */,
			);
			runOnlyForDeploymentPostprocessing = 0;
		};
/* End PBXResourcesBuildPhase section */

/* Begin PBXSourcesBuildPhase section */
		D30562871E3BD929008BEC9A /* Sources */ = {
			isa = PBXSourcesBuildPhase;
			buildActionMask = 2147483647;
			files = (
				D3166E081E53F6DB00DEE3A0 /* FNLowerCase.m in Sources */,
				D37316D41E3EC5430034798E /* XPMemorySpace.m in Sources */,
				D3166DFA1E53B7D000DEE3A0 /* FNAssert.m in Sources */,
				D3A7F2911E511E3200C7099B /* XPNullClass.m in Sources */,
				D3A7F2861E4D7A8A00C7099B /* XPStringClass.m in Sources */,
				D3166E391E54E4CE00DEE3A0 /* FNFilter.m in Sources */,
				D368A0091E3BE383005783BB /* XPParser.m in Sources */,
				D37CE4AB1E4CE4470008945E /* XPObject.m in Sources */,
				D37316AC1E3EBDD20034798E /* XPInterpreter.m in Sources */,
				D37316BB1E3EBF980034798E /* XPVariableSymbol.m in Sources */,
				D3166E2C1E54DD4600DEE3A0 /* FNPosition.m in Sources */,
				D3166E251E54C8BD00DEE3A0 /* FNCompare.m in Sources */,
				D37CE4AF1E4CE4500008945E /* XPClass.m in Sources */,
				D32E70C31E5367A900728D80 /* FNRange.m in Sources */,
				D3166E711E57A69500DEE3A0 /* FNGlobals.m in Sources */,
				D37316CC1E3EC49C0034798E /* XPGlobalScope.m in Sources */,
				D3166E001E53B9A900DEE3A0 /* FNCopy.m in Sources */,
				D32E70BF1E5365F700728D80 /* XPFunctionBody.m in Sources */,
				D3166E151E54BAFE00DEE3A0 /* FNMatches.m in Sources */,
				D37316B71E3EBF800034798E /* XPSymbol.m in Sources */,
				D3A7F27E1E4D71CC00C7099B /* XPBooleanClass.m in Sources */,
				D3A7F2951E51219900C7099B /* XPEnumeration.m in Sources */,
				D3166E321E54E2ED00DEE3A0 /* FNMap.m in Sources */,
				D3A7F2821E4D79FB00C7099B /* XPNumberClass.m in Sources */,
				D3166DE81E53B16F00DEE3A0 /* FNNumber.m in Sources */,
				D3166DEC1E53B18000DEE3A0 /* FNString.m in Sources */,
				D3166E0C1E53F71800DEE3A0 /* FNUppercase.m in Sources */,
				D3166E6A1E579FDE00DEE3A0 /* FNLocals.m in Sources */,
				D3166E191E54BD4F00DEE3A0 /* FNReplace.m in Sources */,
				D3A7F29B1E512E6D00C7099B /* XPDictionaryClass.m in Sources */,
				D3166E281E54CBB200DEE3A0 /* FNTrim.m in Sources */,
				D3166DF21E53B23500DEE3A0 /* FNType.m in Sources */,
				D37CE4B31E4CE6940008945E /* XPArrayClass.m in Sources */,
				D37316D01E3EC4E50034798E /* XPLocalScope.m in Sources */,
				D3DF58C71E42F346006CAA07 /* XPFunctionSpace.m in Sources */,
				D3166E211E54C76200DEE3A0 /* FNIsNan.m in Sources */,
				D37316ED1E4121110034798E /* XPException.m in Sources */,
				D3166E3D1E54EBA200DEE3A0 /* XPReturnException.m in Sources */,
				D3A7F28D1E4E5D1700C7099B /* XPFunctionClass.m in Sources */,
				D37316DD1E3FA9980034798E /* XPTreeWalker.m in Sources */,
				D37316E61E3FAB140034798E /* XPTreeWalkerExec.m in Sources */,
				D3DF58BF1E429E45006CAA07 /* XPFunctionSymbol.m in Sources */,
				D3166DE41E53B0C400DEE3A0 /* FNBoolean.m in Sources */,
				D3166DE01E53B03300DEE3A0 /* FNPrint.m in Sources */,
				D37316A21E3EBD4B0034798E /* XPNode.m in Sources */,
				D3166DD91E53989300DEE3A0 /* FNCount.m in Sources */,
				D3DF58BB1E429C6F006CAA07 /* XPScopedSymbol.m in Sources */,
				D37316C41E3EC1470034798E /* XPBaseScope.m in Sources */,
			);
			runOnlyForDeploymentPostprocessing = 0;
		};
		D30562911E3BD929008BEC9A /* Sources */ = {
			isa = PBXSourcesBuildPhase;
			buildActionMask = 2147483647;
			files = (
				D368A01F1E3BE4F8005783BB /* XPRelationalExpressionTests.m in Sources */,
				D3166DF41E53B38600DEE3A0 /* FNSequenceTests.m in Sources */,
				D30C5C5F1E4508F1001A6F5D /* XPFuncLiteralTests.m in Sources */,
				D368A0201E3BE4F8005783BB /* XPUnaryExpressionTests.m in Sources */,
				D3DF58CD1E44E276006CAA07 /* XPIfBlockTests.m in Sources */,
				D34B7CE01E52A3C80094D2EC /* XPStringLiteralTests.m in Sources */,
				D35167E11E515BE4004C43CC /* XPDictionaryLiteralTests.m in Sources */,
				D368A0181E3BE4F8005783BB /* XPBooleanExpressionTests.m in Sources */,
				D373169E1E3EBA490034798E /* XPBaseStatementTests.m in Sources */,
				D3166DF51E53B38A00DEE3A0 /* FNTypeTests.m in Sources */,
				D3B5F7361E47F50C00740161 /* XPArrayLiteralTests.m in Sources */,
				D3166E1C1E54BF4200DEE3A0 /* FNStringTests.m in Sources */,
				D368A01A1E3BE4F8005783BB /* XPEqualityExpressionTests.m in Sources */,
				D3166E351E54E48A00DEE3A0 /* FNCollectionTests.m in Sources */,
				D37316931E3EB75F0034798E /* XPVarDeclTests.m in Sources */,
				D3A7F2971E51245400C7099B /* XPForBlockTests.m in Sources */,
				D3166E661E56595D00DEE3A0 /* XPNumberExpressionTests.m in Sources */,
				D3DF58CF1E44F69F006CAA07 /* XPWhileBlockTests.m in Sources */,
				D37316E91E3FB6B10034798E /* XPAssignTests.m in Sources */,
				D368A0161E3BE4F8005783BB /* XPArithmeticExpressionTests.m in Sources */,
				D3166DFC1E53B8CA00DEE3A0 /* FNAssertTests.m in Sources */,
				D368A0171E3BE4F8005783BB /* XPBaseTests.m in Sources */,
				D368A01C1E3BE4F8005783BB /* XPNegationExpressionTests.m in Sources */,
				D3DF58B71E429ACA006CAA07 /* XPFuncDeclTests.m in Sources */,
			);
			runOnlyForDeploymentPostprocessing = 0;
		};
/* End PBXSourcesBuildPhase section */

/* Begin PBXTargetDependency section */
		D30562981E3BD929008BEC9A /* PBXTargetDependency */ = {
			isa = PBXTargetDependency;
			target = D305628B1E3BD929008BEC9A /* Language */;
			targetProxy = D30562971E3BD929008BEC9A /* PBXContainerItemProxy */;
		};
/* End PBXTargetDependency section */

/* Begin XCBuildConfiguration section */
		D305629E1E3BD929008BEC9A /* Debug */ = {
			isa = XCBuildConfiguration;
			buildSettings = {
				ALWAYS_SEARCH_USER_PATHS = NO;
				CLANG_ANALYZER_NONNULL = YES;
				CLANG_CXX_LANGUAGE_STANDARD = "gnu++0x";
				CLANG_CXX_LIBRARY = "libc++";
				CLANG_ENABLE_MODULES = YES;
				CLANG_WARN_BOOL_CONVERSION = YES;
				CLANG_WARN_CONSTANT_CONVERSION = YES;
				CLANG_WARN_DIRECT_OBJC_ISA_USAGE = YES_ERROR;
				CLANG_WARN_DOCUMENTATION_COMMENTS = YES;
				CLANG_WARN_EMPTY_BODY = YES;
				CLANG_WARN_ENUM_CONVERSION = YES;
				CLANG_WARN_INFINITE_RECURSION = YES;
				CLANG_WARN_INT_CONVERSION = YES;
				CLANG_WARN_OBJC_ROOT_CLASS = YES_ERROR;
				CLANG_WARN_SUSPICIOUS_MOVE = YES;
				CLANG_WARN_UNREACHABLE_CODE = YES;
				CLANG_WARN__DUPLICATE_METHOD_MATCH = YES;
				CODE_SIGN_IDENTITY = "-";
				COPY_PHASE_STRIP = NO;
				CURRENT_PROJECT_VERSION = 1;
				DEBUG_INFORMATION_FORMAT = dwarf;
				ENABLE_STRICT_OBJC_MSGSEND = YES;
				ENABLE_TESTABILITY = YES;
				GCC_C_LANGUAGE_STANDARD = gnu99;
				GCC_DYNAMIC_NO_PIC = NO;
				GCC_NO_COMMON_BLOCKS = YES;
				GCC_OPTIMIZATION_LEVEL = 0;
				GCC_PREPROCESSOR_DEFINITIONS = (
					"DEBUG=1",
					"$(inherited)",
				);
				GCC_WARN_64_TO_32_BIT_CONVERSION = YES;
				GCC_WARN_ABOUT_RETURN_TYPE = YES_ERROR;
				GCC_WARN_UNDECLARED_SELECTOR = YES;
				GCC_WARN_UNINITIALIZED_AUTOS = YES_AGGRESSIVE;
				GCC_WARN_UNUSED_FUNCTION = YES;
				GCC_WARN_UNUSED_VARIABLE = YES;
				MACOSX_DEPLOYMENT_TARGET = 10.8;
				MTL_ENABLE_DEBUG_INFO = YES;
				ONLY_ACTIVE_ARCH = YES;
				SDKROOT = macosx;
				VERSIONING_SYSTEM = "apple-generic";
				VERSION_INFO_PREFIX = "";
			};
			name = Debug;
		};
		D305629F1E3BD929008BEC9A /* Release */ = {
			isa = XCBuildConfiguration;
			buildSettings = {
				ALWAYS_SEARCH_USER_PATHS = NO;
				CLANG_ANALYZER_NONNULL = YES;
				CLANG_CXX_LANGUAGE_STANDARD = "gnu++0x";
				CLANG_CXX_LIBRARY = "libc++";
				CLANG_ENABLE_MODULES = YES;
				CLANG_WARN_BOOL_CONVERSION = YES;
				CLANG_WARN_CONSTANT_CONVERSION = YES;
				CLANG_WARN_DIRECT_OBJC_ISA_USAGE = YES_ERROR;
				CLANG_WARN_DOCUMENTATION_COMMENTS = YES;
				CLANG_WARN_EMPTY_BODY = YES;
				CLANG_WARN_ENUM_CONVERSION = YES;
				CLANG_WARN_INFINITE_RECURSION = YES;
				CLANG_WARN_INT_CONVERSION = YES;
				CLANG_WARN_OBJC_ROOT_CLASS = YES_ERROR;
				CLANG_WARN_SUSPICIOUS_MOVE = YES;
				CLANG_WARN_UNREACHABLE_CODE = YES;
				CLANG_WARN__DUPLICATE_METHOD_MATCH = YES;
				CODE_SIGN_IDENTITY = "-";
				COPY_PHASE_STRIP = NO;
				CURRENT_PROJECT_VERSION = 1;
				DEBUG_INFORMATION_FORMAT = "dwarf-with-dsym";
				ENABLE_NS_ASSERTIONS = NO;
				ENABLE_STRICT_OBJC_MSGSEND = YES;
				GCC_C_LANGUAGE_STANDARD = gnu99;
				GCC_NO_COMMON_BLOCKS = YES;
				GCC_WARN_64_TO_32_BIT_CONVERSION = YES;
				GCC_WARN_ABOUT_RETURN_TYPE = YES_ERROR;
				GCC_WARN_UNDECLARED_SELECTOR = YES;
				GCC_WARN_UNINITIALIZED_AUTOS = YES_AGGRESSIVE;
				GCC_WARN_UNUSED_FUNCTION = YES;
				GCC_WARN_UNUSED_VARIABLE = YES;
				MACOSX_DEPLOYMENT_TARGET = 10.8;
				MTL_ENABLE_DEBUG_INFO = NO;
				SDKROOT = macosx;
				VERSIONING_SYSTEM = "apple-generic";
				VERSION_INFO_PREFIX = "";
			};
			name = Release;
		};
		D30562A11E3BD929008BEC9A /* Debug */ = {
			isa = XCBuildConfiguration;
			buildSettings = {
				CODE_SIGN_IDENTITY = "";
				COMBINE_HIDPI_IMAGES = YES;
				DEFINES_MODULE = YES;
				DYLIB_COMPATIBILITY_VERSION = 1;
				DYLIB_CURRENT_VERSION = 1;
				DYLIB_INSTALL_NAME_BASE = "@rpath";
				FRAMEWORK_VERSION = A;
				GCC_PREFIX_HEADER = "src/Language-Prefix.pch";
				INFOPLIST_FILE = src/Info.plist;
				INSTALL_PATH = "$(LOCAL_LIBRARY_DIR)/Frameworks";
				LD_RUNPATH_SEARCH_PATHS = "$(inherited) @executable_path/../Frameworks @loader_path/Frameworks";
				PRODUCT_BUNDLE_IDENTIFIER = com.celestialteapot.Language;
				PRODUCT_NAME = "$(TARGET_NAME)";
				SKIP_INSTALL = YES;
			};
			name = Debug;
		};
		D30562A21E3BD929008BEC9A /* Release */ = {
			isa = XCBuildConfiguration;
			buildSettings = {
				CODE_SIGN_IDENTITY = "";
				COMBINE_HIDPI_IMAGES = YES;
				DEFINES_MODULE = YES;
				DYLIB_COMPATIBILITY_VERSION = 1;
				DYLIB_CURRENT_VERSION = 1;
				DYLIB_INSTALL_NAME_BASE = "@rpath";
				FRAMEWORK_VERSION = A;
				GCC_PREFIX_HEADER = "src/Language-Prefix.pch";
				INFOPLIST_FILE = src/Info.plist;
				INSTALL_PATH = "$(LOCAL_LIBRARY_DIR)/Frameworks";
				LD_RUNPATH_SEARCH_PATHS = "$(inherited) @executable_path/../Frameworks @loader_path/Frameworks";
				PRODUCT_BUNDLE_IDENTIFIER = com.celestialteapot.Language;
				PRODUCT_NAME = "$(TARGET_NAME)";
				SKIP_INSTALL = YES;
			};
			name = Release;
		};
		D30562A41E3BD929008BEC9A /* Debug */ = {
			isa = XCBuildConfiguration;
			buildSettings = {
				CLANG_ALLOW_NON_MODULAR_INCLUDES_IN_FRAMEWORK_MODULES = YES;
				COMBINE_HIDPI_IMAGES = YES;
				INFOPLIST_FILE = test/Info.plist;
				LD_RUNPATH_SEARCH_PATHS = "$(inherited) @executable_path/../Frameworks @loader_path/../Frameworks";
				PRODUCT_BUNDLE_IDENTIFIER = com.celestialteapot.LanguageTests;
				PRODUCT_NAME = "$(TARGET_NAME)";
			};
			name = Debug;
		};
		D30562A51E3BD929008BEC9A /* Release */ = {
			isa = XCBuildConfiguration;
			buildSettings = {
				CLANG_ALLOW_NON_MODULAR_INCLUDES_IN_FRAMEWORK_MODULES = YES;
				COMBINE_HIDPI_IMAGES = YES;
				INFOPLIST_FILE = test/Info.plist;
				LD_RUNPATH_SEARCH_PATHS = "$(inherited) @executable_path/../Frameworks @loader_path/../Frameworks";
				PRODUCT_BUNDLE_IDENTIFIER = com.celestialteapot.LanguageTests;
				PRODUCT_NAME = "$(TARGET_NAME)";
			};
			name = Release;
		};
/* End XCBuildConfiguration section */

/* Begin XCConfigurationList section */
		D30562861E3BD929008BEC9A /* Build configuration list for PBXProject "Language" */ = {
			isa = XCConfigurationList;
			buildConfigurations = (
				D305629E1E3BD929008BEC9A /* Debug */,
				D305629F1E3BD929008BEC9A /* Release */,
			);
			defaultConfigurationIsVisible = 0;
			defaultConfigurationName = Release;
		};
		D30562A01E3BD929008BEC9A /* Build configuration list for PBXNativeTarget "Language" */ = {
			isa = XCConfigurationList;
			buildConfigurations = (
				D30562A11E3BD929008BEC9A /* Debug */,
				D30562A21E3BD929008BEC9A /* Release */,
			);
			defaultConfigurationIsVisible = 0;
			defaultConfigurationName = Release;
		};
		D30562A31E3BD929008BEC9A /* Build configuration list for PBXNativeTarget "LanguageTests" */ = {
			isa = XCConfigurationList;
			buildConfigurations = (
				D30562A41E3BD929008BEC9A /* Debug */,
				D30562A51E3BD929008BEC9A /* Release */,
			);
			defaultConfigurationIsVisible = 0;
			defaultConfigurationName = Release;
		};
/* End XCConfigurationList section */
	};
	rootObject = D30562831E3BD929008BEC9A /* Project object */;
}
