// !$*UTF8*$!
{
	archiveVersion = 1;
	classes = {
	};
	objectVersion = 46;
	objects = {

/* Begin PBXBuildFile section */
		D30562961E3BD929008BEC9A /* Language.framework in Frameworks */ = {isa = PBXBuildFile; fileRef = D305628C1E3BD929008BEC9A /* Language.framework */; };
		D305629D1E3BD929008BEC9A /* Language.h in Headers */ = {isa = PBXBuildFile; fileRef = D305628F1E3BD929008BEC9A /* Language.h */; settings = {ATTRIBUTES = (Public, ); }; };
		D3689FA41E3BDB57005783BB /* PEGKit.framework in Frameworks */ = {isa = PBXBuildFile; fileRef = D3689FA21E3BDB57005783BB /* PEGKit.framework */; };
		D3689FA51E3BDB57005783BB /* TDTemplateEngine.framework in Frameworks */ = {isa = PBXBuildFile; fileRef = D3689FA31E3BDB57005783BB /* TDTemplateEngine.framework */; };
		D3689FA91E3BDD7C005783BB /* XPExpression.h in Headers */ = {isa = PBXBuildFile; fileRef = D3689FA81E3BDD7C005783BB /* XPExpression.h */; settings = {ATTRIBUTES = (Public, ); }; };
		D3689FD31E3BDE7B005783BB /* XPArithmeticExpression.h in Headers */ = {isa = PBXBuildFile; fileRef = D3689FAA1E3BDE7B005783BB /* XPArithmeticExpression.h */; };
		D3689FD41E3BDE7B005783BB /* XPArithmeticExpression.m in Sources */ = {isa = PBXBuildFile; fileRef = D3689FAB1E3BDE7B005783BB /* XPArithmeticExpression.m */; };
		D3689FD51E3BDE7B005783BB /* XPBinaryExpression.h in Headers */ = {isa = PBXBuildFile; fileRef = D3689FAC1E3BDE7B005783BB /* XPBinaryExpression.h */; };
		D3689FD61E3BDE7B005783BB /* XPBinaryExpression.m in Sources */ = {isa = PBXBuildFile; fileRef = D3689FAD1E3BDE7B005783BB /* XPBinaryExpression.m */; };
		D3689FD71E3BDE7B005783BB /* XPBooleanExpression.h in Headers */ = {isa = PBXBuildFile; fileRef = D3689FAE1E3BDE7B005783BB /* XPBooleanExpression.h */; };
		D3689FD81E3BDE7B005783BB /* XPBooleanExpression.m in Sources */ = {isa = PBXBuildFile; fileRef = D3689FAF1E3BDE7B005783BB /* XPBooleanExpression.m */; };
		D3689FD91E3BDE7B005783BB /* XPBooleanValue.h in Headers */ = {isa = PBXBuildFile; fileRef = D3689FB01E3BDE7B005783BB /* XPBooleanValue.h */; };
		D3689FDA1E3BDE7B005783BB /* XPBooleanValue.m in Sources */ = {isa = PBXBuildFile; fileRef = D3689FB11E3BDE7B005783BB /* XPBooleanValue.m */; };
		D3689FDF1E3BDE7B005783BB /* XPExpression.m in Sources */ = {isa = PBXBuildFile; fileRef = D3689FB61E3BDE7B005783BB /* XPExpression.m */; };
		D3689FE41E3BDE7B005783BB /* XPNegationExpression.h in Headers */ = {isa = PBXBuildFile; fileRef = D3689FBB1E3BDE7B005783BB /* XPNegationExpression.h */; };
		D3689FE51E3BDE7B005783BB /* XPNegationExpression.m in Sources */ = {isa = PBXBuildFile; fileRef = D3689FBC1E3BDE7B005783BB /* XPNegationExpression.m */; };
		D3689FE81E3BDE7B005783BB /* XPNumericValue.h in Headers */ = {isa = PBXBuildFile; fileRef = D3689FBF1E3BDE7B005783BB /* XPNumericValue.h */; };
		D3689FE91E3BDE7B005783BB /* XPNumericValue.m in Sources */ = {isa = PBXBuildFile; fileRef = D3689FC01E3BDE7B005783BB /* XPNumericValue.m */; };
		D3689FEA1E3BDE7B005783BB /* XPObjectValue.h in Headers */ = {isa = PBXBuildFile; fileRef = D3689FC11E3BDE7B005783BB /* XPObjectValue.h */; };
		D3689FEB1E3BDE7B005783BB /* XPObjectValue.m in Sources */ = {isa = PBXBuildFile; fileRef = D3689FC21E3BDE7B005783BB /* XPObjectValue.m */; };
		D3689FF21E3BDE7B005783BB /* XPRelationalExpression.h in Headers */ = {isa = PBXBuildFile; fileRef = D3689FC91E3BDE7B005783BB /* XPRelationalExpression.h */; };
		D3689FF31E3BDE7B005783BB /* XPRelationalExpression.m in Sources */ = {isa = PBXBuildFile; fileRef = D3689FCA1E3BDE7B005783BB /* XPRelationalExpression.m */; };
		D3689FF61E3BDE7B005783BB /* XPStringValue.h in Headers */ = {isa = PBXBuildFile; fileRef = D3689FCD1E3BDE7B005783BB /* XPStringValue.h */; };
		D3689FF71E3BDE7B005783BB /* XPStringValue.m in Sources */ = {isa = PBXBuildFile; fileRef = D3689FCE1E3BDE7B005783BB /* XPStringValue.m */; };
		D3689FF81E3BDE7B005783BB /* XPUnaryExpression.h in Headers */ = {isa = PBXBuildFile; fileRef = D3689FCF1E3BDE7B005783BB /* XPUnaryExpression.h */; };
		D3689FF91E3BDE7B005783BB /* XPUnaryExpression.m in Sources */ = {isa = PBXBuildFile; fileRef = D3689FD01E3BDE7B005783BB /* XPUnaryExpression.m */; };
		D3689FFA1E3BDE7B005783BB /* XPValue.h in Headers */ = {isa = PBXBuildFile; fileRef = D3689FD11E3BDE7B005783BB /* XPValue.h */; };
		D3689FFB1E3BDE7B005783BB /* XPValue.m in Sources */ = {isa = PBXBuildFile; fileRef = D3689FD21E3BDE7B005783BB /* XPValue.m */; };
		D368A0081E3BE383005783BB /* XPParser.h in Headers */ = {isa = PBXBuildFile; fileRef = D368A0061E3BE383005783BB /* XPParser.h */; };
		D368A0091E3BE383005783BB /* XPParser.m in Sources */ = {isa = PBXBuildFile; fileRef = D368A0071E3BE383005783BB /* XPParser.m */; settings = {COMPILER_FLAGS = "-Wno-undeclared-selector"; }; };
		D368A0161E3BE4F8005783BB /* XPArithmeticExpressionTests.m in Sources */ = {isa = PBXBuildFile; fileRef = D368A00A1E3BE4F8005783BB /* XPArithmeticExpressionTests.m */; };
		D368A0171E3BE4F8005783BB /* XPBaseTests.m in Sources */ = {isa = PBXBuildFile; fileRef = D368A00C1E3BE4F8005783BB /* XPBaseTests.m */; };
		D368A0181E3BE4F8005783BB /* XPBooleanExpressionTests.m in Sources */ = {isa = PBXBuildFile; fileRef = D368A00D1E3BE4F8005783BB /* XPBooleanExpressionTests.m */; };
		D368A01A1E3BE4F8005783BB /* XPEqualityExpressionTests.m in Sources */ = {isa = PBXBuildFile; fileRef = D368A00F1E3BE4F8005783BB /* XPEqualityExpressionTests.m */; };
		D368A01C1E3BE4F8005783BB /* XPNegationExpressionTests.m in Sources */ = {isa = PBXBuildFile; fileRef = D368A0111E3BE4F8005783BB /* XPNegationExpressionTests.m */; };
		D368A01F1E3BE4F8005783BB /* XPRelationalExpressionTests.m in Sources */ = {isa = PBXBuildFile; fileRef = D368A0141E3BE4F8005783BB /* XPRelationalExpressionTests.m */; };
		D368A0201E3BE4F8005783BB /* XPUnaryExpressionTests.m in Sources */ = {isa = PBXBuildFile; fileRef = D368A0151E3BE4F8005783BB /* XPUnaryExpressionTests.m */; };
		D368A0251E3BE7B5005783BB /* PEGKit.framework in Frameworks */ = {isa = PBXBuildFile; fileRef = D3689FA21E3BDB57005783BB /* PEGKit.framework */; };
		D37316901E3E735A0034798E /* XPBaseExpressionTests.m in Sources */ = {isa = PBXBuildFile; fileRef = D373168F1E3E735A0034798E /* XPBaseExpressionTests.m */; };
		D37316931E3EB75F0034798E /* XPVariableStatementTests.m in Sources */ = {isa = PBXBuildFile; fileRef = D37316921E3EB75F0034798E /* XPVariableStatementTests.m */; };
		D373169E1E3EBA490034798E /* XPBaseStatementTests.m in Sources */ = {isa = PBXBuildFile; fileRef = D373169D1E3EBA490034798E /* XPBaseStatementTests.m */; };
		D37316A21E3EBD4B0034798E /* XPNode.m in Sources */ = {isa = PBXBuildFile; fileRef = D37316A01E3EBD4B0034798E /* XPNode.m */; };
		D37316A41E3EBD5C0034798E /* XPNode.h in Headers */ = {isa = PBXBuildFile; fileRef = D37316A31E3EBD5C0034798E /* XPNode.h */; settings = {ATTRIBUTES = (Public, ); }; };
		D37316AC1E3EBDD20034798E /* XPInterpreter.m in Sources */ = {isa = PBXBuildFile; fileRef = D37316AA1E3EBDD20034798E /* XPInterpreter.m */; };
		D37316AE1E3EBDE20034798E /* XPInterpreter.h in Headers */ = {isa = PBXBuildFile; fileRef = D37316AD1E3EBDE20034798E /* XPInterpreter.h */; settings = {ATTRIBUTES = (Public, ); }; };
		D37316B21E3EBF0B0034798E /* XPContext.h in Headers */ = {isa = PBXBuildFile; fileRef = D37316B11E3EBF0B0034798E /* XPContext.h */; settings = {ATTRIBUTES = (Public, ); }; };
		D37316B61E3EBF800034798E /* XPSymbol.h in Headers */ = {isa = PBXBuildFile; fileRef = D37316B41E3EBF800034798E /* XPSymbol.h */; };
		D37316B71E3EBF800034798E /* XPSymbol.m in Sources */ = {isa = PBXBuildFile; fileRef = D37316B51E3EBF800034798E /* XPSymbol.m */; };
		D37316BA1E3EBF980034798E /* XPVariableSymbol.h in Headers */ = {isa = PBXBuildFile; fileRef = D37316B81E3EBF980034798E /* XPVariableSymbol.h */; };
		D37316BB1E3EBF980034798E /* XPVariableSymbol.m in Sources */ = {isa = PBXBuildFile; fileRef = D37316B91E3EBF980034798E /* XPVariableSymbol.m */; };
		D37316BF1E3EBFEB0034798E /* XPScope.h in Headers */ = {isa = PBXBuildFile; fileRef = D37316BE1E3EBFEB0034798E /* XPScope.h */; };
		D37316C31E3EC1470034798E /* XPBaseScope.h in Headers */ = {isa = PBXBuildFile; fileRef = D37316C11E3EC1470034798E /* XPBaseScope.h */; };
		D37316C41E3EC1470034798E /* XPBaseScope.m in Sources */ = {isa = PBXBuildFile; fileRef = D37316C21E3EC1470034798E /* XPBaseScope.m */; };
		D37316C71E3EC1B10034798E /* XPPathExpression.h in Headers */ = {isa = PBXBuildFile; fileRef = D37316C51E3EC1B10034798E /* XPPathExpression.h */; };
		D37316C81E3EC1B10034798E /* XPPathExpression.m in Sources */ = {isa = PBXBuildFile; fileRef = D37316C61E3EC1B10034798E /* XPPathExpression.m */; };
		D37316CB1E3EC49C0034798E /* XPGlobalScope.h in Headers */ = {isa = PBXBuildFile; fileRef = D37316C91E3EC49C0034798E /* XPGlobalScope.h */; };
		D37316CC1E3EC49C0034798E /* XPGlobalScope.m in Sources */ = {isa = PBXBuildFile; fileRef = D37316CA1E3EC49C0034798E /* XPGlobalScope.m */; };
		D37316CF1E3EC4E50034798E /* XPLocalScope.h in Headers */ = {isa = PBXBuildFile; fileRef = D37316CD1E3EC4E50034798E /* XPLocalScope.h */; };
		D37316D01E3EC4E50034798E /* XPLocalScope.m in Sources */ = {isa = PBXBuildFile; fileRef = D37316CE1E3EC4E50034798E /* XPLocalScope.m */; };
		D37316D31E3EC5430034798E /* XPMemorySpace.h in Headers */ = {isa = PBXBuildFile; fileRef = D37316D11E3EC5430034798E /* XPMemorySpace.h */; };
		D37316D41E3EC5430034798E /* XPMemorySpace.m in Sources */ = {isa = PBXBuildFile; fileRef = D37316D21E3EC5430034798E /* XPMemorySpace.m */; };
		D37316DC1E3FA9980034798E /* XPTreeWalker.h in Headers */ = {isa = PBXBuildFile; fileRef = D37316DA1E3FA9980034798E /* XPTreeWalker.h */; };
		D37316DD1E3FA9980034798E /* XPTreeWalker.m in Sources */ = {isa = PBXBuildFile; fileRef = D37316DB1E3FA9980034798E /* XPTreeWalker.m */; };
		D37316E11E3FAA010034798E /* XPTreeWalkerDecl.h in Headers */ = {isa = PBXBuildFile; fileRef = D37316DF1E3FAA010034798E /* XPTreeWalkerDecl.h */; };
		D37316E21E3FAA010034798E /* XPTreeWalkerDecl.m in Sources */ = {isa = PBXBuildFile; fileRef = D37316E01E3FAA010034798E /* XPTreeWalkerDecl.m */; };
		D37316E51E3FAB140034798E /* XPTreeWalkerDefn.h in Headers */ = {isa = PBXBuildFile; fileRef = D37316E31E3FAB140034798E /* XPTreeWalkerDefn.h */; };
		D37316E61E3FAB140034798E /* XPTreeWalkerDefn.m in Sources */ = {isa = PBXBuildFile; fileRef = D37316E41E3FAB140034798E /* XPTreeWalkerDefn.m */; };
/* End PBXBuildFile section */

/* Begin PBXContainerItemProxy section */
		D30562971E3BD929008BEC9A /* PBXContainerItemProxy */ = {
			isa = PBXContainerItemProxy;
			containerPortal = D30562831E3BD929008BEC9A /* Project object */;
			proxyType = 1;
			remoteGlobalIDString = D305628B1E3BD929008BEC9A;
			remoteInfo = Language;
		};
/* End PBXContainerItemProxy section */

/* Begin PBXFileReference section */
		D305628C1E3BD929008BEC9A /* Language.framework */ = {isa = PBXFileReference; explicitFileType = wrapper.framework; includeInIndex = 0; path = Language.framework; sourceTree = BUILT_PRODUCTS_DIR; };
		D305628F1E3BD929008BEC9A /* Language.h */ = {isa = PBXFileReference; lastKnownFileType = sourcecode.c.h; name = Language.h; path = include/Language/Language.h; sourceTree = SOURCE_ROOT; };
		D30562901E3BD929008BEC9A /* Info.plist */ = {isa = PBXFileReference; lastKnownFileType = text.plist.xml; name = Info.plist; path = src/Info.plist; sourceTree = SOURCE_ROOT; };
		D30562951E3BD929008BEC9A /* LanguageTests.xctest */ = {isa = PBXFileReference; explicitFileType = wrapper.cfbundle; includeInIndex = 0; path = LanguageTests.xctest; sourceTree = BUILT_PRODUCTS_DIR; };
		D305629C1E3BD929008BEC9A /* Info.plist */ = {isa = PBXFileReference; lastKnownFileType = text.plist.xml; name = Info.plist; path = test/Info.plist; sourceTree = SOURCE_ROOT; };
		D3689FA21E3BDB57005783BB /* PEGKit.framework */ = {isa = PBXFileReference; lastKnownFileType = wrapper.framework; name = PEGKit.framework; path = "../../../Library/Developer/Xcode/DerivedData/Language-bdsitepxpcksukdfokhytcnwouwy/Build/Products/Debug/PEGKit.framework"; sourceTree = "<group>"; };
		D3689FA31E3BDB57005783BB /* TDTemplateEngine.framework */ = {isa = PBXFileReference; lastKnownFileType = wrapper.framework; name = TDTemplateEngine.framework; path = "../../../Library/Developer/Xcode/DerivedData/Language-bdsitepxpcksukdfokhytcnwouwy/Build/Products/Debug/TDTemplateEngine.framework"; sourceTree = "<group>"; };
		D3689FA81E3BDD7C005783BB /* XPExpression.h */ = {isa = PBXFileReference; fileEncoding = 4; lastKnownFileType = sourcecode.c.h; name = XPExpression.h; path = include/Language/XPExpression.h; sourceTree = SOURCE_ROOT; };
		D3689FAA1E3BDE7B005783BB /* XPArithmeticExpression.h */ = {isa = PBXFileReference; fileEncoding = 4; lastKnownFileType = sourcecode.c.h; name = XPArithmeticExpression.h; path = src/XPArithmeticExpression.h; sourceTree = SOURCE_ROOT; };
		D3689FAB1E3BDE7B005783BB /* XPArithmeticExpression.m */ = {isa = PBXFileReference; fileEncoding = 4; lastKnownFileType = sourcecode.c.objc; name = XPArithmeticExpression.m; path = src/XPArithmeticExpression.m; sourceTree = SOURCE_ROOT; };
		D3689FAC1E3BDE7B005783BB /* XPBinaryExpression.h */ = {isa = PBXFileReference; fileEncoding = 4; lastKnownFileType = sourcecode.c.h; name = XPBinaryExpression.h; path = src/XPBinaryExpression.h; sourceTree = SOURCE_ROOT; };
		D3689FAD1E3BDE7B005783BB /* XPBinaryExpression.m */ = {isa = PBXFileReference; fileEncoding = 4; lastKnownFileType = sourcecode.c.objc; name = XPBinaryExpression.m; path = src/XPBinaryExpression.m; sourceTree = SOURCE_ROOT; };
		D3689FAE1E3BDE7B005783BB /* XPBooleanExpression.h */ = {isa = PBXFileReference; fileEncoding = 4; lastKnownFileType = sourcecode.c.h; name = XPBooleanExpression.h; path = src/XPBooleanExpression.h; sourceTree = SOURCE_ROOT; };
		D3689FAF1E3BDE7B005783BB /* XPBooleanExpression.m */ = {isa = PBXFileReference; fileEncoding = 4; lastKnownFileType = sourcecode.c.objc; name = XPBooleanExpression.m; path = src/XPBooleanExpression.m; sourceTree = SOURCE_ROOT; };
		D3689FB01E3BDE7B005783BB /* XPBooleanValue.h */ = {isa = PBXFileReference; fileEncoding = 4; lastKnownFileType = sourcecode.c.h; name = XPBooleanValue.h; path = src/XPBooleanValue.h; sourceTree = SOURCE_ROOT; };
		D3689FB11E3BDE7B005783BB /* XPBooleanValue.m */ = {isa = PBXFileReference; fileEncoding = 4; lastKnownFileType = sourcecode.c.objc; name = XPBooleanValue.m; path = src/XPBooleanValue.m; sourceTree = SOURCE_ROOT; };
		D3689FB61E3BDE7B005783BB /* XPExpression.m */ = {isa = PBXFileReference; fileEncoding = 4; lastKnownFileType = sourcecode.c.objc; name = XPExpression.m; path = src/XPExpression.m; sourceTree = SOURCE_ROOT; };
		D3689FBB1E3BDE7B005783BB /* XPNegationExpression.h */ = {isa = PBXFileReference; fileEncoding = 4; lastKnownFileType = sourcecode.c.h; name = XPNegationExpression.h; path = src/XPNegationExpression.h; sourceTree = SOURCE_ROOT; };
		D3689FBC1E3BDE7B005783BB /* XPNegationExpression.m */ = {isa = PBXFileReference; fileEncoding = 4; lastKnownFileType = sourcecode.c.objc; name = XPNegationExpression.m; path = src/XPNegationExpression.m; sourceTree = SOURCE_ROOT; };
		D3689FBF1E3BDE7B005783BB /* XPNumericValue.h */ = {isa = PBXFileReference; fileEncoding = 4; lastKnownFileType = sourcecode.c.h; name = XPNumericValue.h; path = src/XPNumericValue.h; sourceTree = SOURCE_ROOT; };
		D3689FC01E3BDE7B005783BB /* XPNumericValue.m */ = {isa = PBXFileReference; fileEncoding = 4; lastKnownFileType = sourcecode.c.objc; name = XPNumericValue.m; path = src/XPNumericValue.m; sourceTree = SOURCE_ROOT; };
		D3689FC11E3BDE7B005783BB /* XPObjectValue.h */ = {isa = PBXFileReference; fileEncoding = 4; lastKnownFileType = sourcecode.c.h; name = XPObjectValue.h; path = src/XPObjectValue.h; sourceTree = SOURCE_ROOT; };
		D3689FC21E3BDE7B005783BB /* XPObjectValue.m */ = {isa = PBXFileReference; fileEncoding = 4; lastKnownFileType = sourcecode.c.objc; name = XPObjectValue.m; path = src/XPObjectValue.m; sourceTree = SOURCE_ROOT; };
		D3689FC91E3BDE7B005783BB /* XPRelationalExpression.h */ = {isa = PBXFileReference; fileEncoding = 4; lastKnownFileType = sourcecode.c.h; name = XPRelationalExpression.h; path = src/XPRelationalExpression.h; sourceTree = SOURCE_ROOT; };
		D3689FCA1E3BDE7B005783BB /* XPRelationalExpression.m */ = {isa = PBXFileReference; fileEncoding = 4; lastKnownFileType = sourcecode.c.objc; name = XPRelationalExpression.m; path = src/XPRelationalExpression.m; sourceTree = SOURCE_ROOT; };
		D3689FCD1E3BDE7B005783BB /* XPStringValue.h */ = {isa = PBXFileReference; fileEncoding = 4; lastKnownFileType = sourcecode.c.h; name = XPStringValue.h; path = src/XPStringValue.h; sourceTree = SOURCE_ROOT; };
		D3689FCE1E3BDE7B005783BB /* XPStringValue.m */ = {isa = PBXFileReference; fileEncoding = 4; lastKnownFileType = sourcecode.c.objc; name = XPStringValue.m; path = src/XPStringValue.m; sourceTree = SOURCE_ROOT; };
		D3689FCF1E3BDE7B005783BB /* XPUnaryExpression.h */ = {isa = PBXFileReference; fileEncoding = 4; lastKnownFileType = sourcecode.c.h; name = XPUnaryExpression.h; path = src/XPUnaryExpression.h; sourceTree = SOURCE_ROOT; };
		D3689FD01E3BDE7B005783BB /* XPUnaryExpression.m */ = {isa = PBXFileReference; fileEncoding = 4; lastKnownFileType = sourcecode.c.objc; name = XPUnaryExpression.m; path = src/XPUnaryExpression.m; sourceTree = SOURCE_ROOT; };
		D3689FD11E3BDE7B005783BB /* XPValue.h */ = {isa = PBXFileReference; fileEncoding = 4; lastKnownFileType = sourcecode.c.h; name = XPValue.h; path = src/XPValue.h; sourceTree = SOURCE_ROOT; };
		D3689FD21E3BDE7B005783BB /* XPValue.m */ = {isa = PBXFileReference; fileEncoding = 4; lastKnownFileType = sourcecode.c.objc; name = XPValue.m; path = src/XPValue.m; sourceTree = SOURCE_ROOT; };
		D368A0041E3BE0C7005783BB /* Language-Prefix.pch */ = {isa = PBXFileReference; lastKnownFileType = sourcecode.c.h; name = "Language-Prefix.pch"; path = "src/Language-Prefix.pch"; sourceTree = SOURCE_ROOT; };
		D368A0061E3BE383005783BB /* XPParser.h */ = {isa = PBXFileReference; fileEncoding = 4; lastKnownFileType = sourcecode.c.h; name = XPParser.h; path = src/XPParser.h; sourceTree = SOURCE_ROOT; };
		D368A0071E3BE383005783BB /* XPParser.m */ = {isa = PBXFileReference; fileEncoding = 4; lastKnownFileType = sourcecode.c.objc; name = XPParser.m; path = src/XPParser.m; sourceTree = SOURCE_ROOT; };
		D368A00A1E3BE4F8005783BB /* XPArithmeticExpressionTests.m */ = {isa = PBXFileReference; fileEncoding = 4; lastKnownFileType = sourcecode.c.objc; name = XPArithmeticExpressionTests.m; path = test/XPArithmeticExpressionTests.m; sourceTree = SOURCE_ROOT; };
		D368A00B1E3BE4F8005783BB /* XPBaseTests.h */ = {isa = PBXFileReference; fileEncoding = 4; lastKnownFileType = sourcecode.c.h; name = XPBaseTests.h; path = test/XPBaseTests.h; sourceTree = SOURCE_ROOT; };
		D368A00C1E3BE4F8005783BB /* XPBaseTests.m */ = {isa = PBXFileReference; fileEncoding = 4; lastKnownFileType = sourcecode.c.objc; name = XPBaseTests.m; path = test/XPBaseTests.m; sourceTree = SOURCE_ROOT; };
		D368A00D1E3BE4F8005783BB /* XPBooleanExpressionTests.m */ = {isa = PBXFileReference; fileEncoding = 4; lastKnownFileType = sourcecode.c.objc; name = XPBooleanExpressionTests.m; path = test/XPBooleanExpressionTests.m; sourceTree = SOURCE_ROOT; };
		D368A00F1E3BE4F8005783BB /* XPEqualityExpressionTests.m */ = {isa = PBXFileReference; fileEncoding = 4; lastKnownFileType = sourcecode.c.objc; name = XPEqualityExpressionTests.m; path = test/XPEqualityExpressionTests.m; sourceTree = SOURCE_ROOT; };
		D368A0111E3BE4F8005783BB /* XPNegationExpressionTests.m */ = {isa = PBXFileReference; fileEncoding = 4; lastKnownFileType = sourcecode.c.objc; name = XPNegationExpressionTests.m; path = test/XPNegationExpressionTests.m; sourceTree = SOURCE_ROOT; };
		D368A0141E3BE4F8005783BB /* XPRelationalExpressionTests.m */ = {isa = PBXFileReference; fileEncoding = 4; lastKnownFileType = sourcecode.c.objc; name = XPRelationalExpressionTests.m; path = test/XPRelationalExpressionTests.m; sourceTree = SOURCE_ROOT; };
		D368A0151E3BE4F8005783BB /* XPUnaryExpressionTests.m */ = {isa = PBXFileReference; fileEncoding = 4; lastKnownFileType = sourcecode.c.objc; name = XPUnaryExpressionTests.m; path = test/XPUnaryExpressionTests.m; sourceTree = SOURCE_ROOT; };
		D368A0211E3BE557005783BB /* XPTestScaffold.h */ = {isa = PBXFileReference; fileEncoding = 4; lastKnownFileType = sourcecode.c.h; name = XPTestScaffold.h; path = test/XPTestScaffold.h; sourceTree = SOURCE_ROOT; };
		D373168F1E3E735A0034798E /* XPBaseExpressionTests.m */ = {isa = PBXFileReference; fileEncoding = 4; lastKnownFileType = sourcecode.c.objc; name = XPBaseExpressionTests.m; path = test/XPBaseExpressionTests.m; sourceTree = SOURCE_ROOT; };
		D37316911E3E73A20034798E /* XPBaseExpressionTests.h */ = {isa = PBXFileReference; lastKnownFileType = sourcecode.c.h; name = XPBaseExpressionTests.h; path = test/XPBaseExpressionTests.h; sourceTree = SOURCE_ROOT; };
		D37316921E3EB75F0034798E /* XPVariableStatementTests.m */ = {isa = PBXFileReference; fileEncoding = 4; lastKnownFileType = sourcecode.c.objc; name = XPVariableStatementTests.m; path = test/XPVariableStatementTests.m; sourceTree = SOURCE_ROOT; };
		D373169C1E3EBA490034798E /* XPBaseStatementTests.h */ = {isa = PBXFileReference; fileEncoding = 4; lastKnownFileType = sourcecode.c.h; name = XPBaseStatementTests.h; path = test/XPBaseStatementTests.h; sourceTree = SOURCE_ROOT; };
		D373169D1E3EBA490034798E /* XPBaseStatementTests.m */ = {isa = PBXFileReference; fileEncoding = 4; lastKnownFileType = sourcecode.c.objc; name = XPBaseStatementTests.m; path = test/XPBaseStatementTests.m; sourceTree = SOURCE_ROOT; };
		D37316A01E3EBD4B0034798E /* XPNode.m */ = {isa = PBXFileReference; fileEncoding = 4; lastKnownFileType = sourcecode.c.objc; name = XPNode.m; path = src/XPNode.m; sourceTree = SOURCE_ROOT; };
		D37316A31E3EBD5C0034798E /* XPNode.h */ = {isa = PBXFileReference; fileEncoding = 4; lastKnownFileType = sourcecode.c.h; name = XPNode.h; path = include/Language/XPNode.h; sourceTree = SOURCE_ROOT; };
		D37316AA1E3EBDD20034798E /* XPInterpreter.m */ = {isa = PBXFileReference; fileEncoding = 4; lastKnownFileType = sourcecode.c.objc; name = XPInterpreter.m; path = src/XPInterpreter.m; sourceTree = SOURCE_ROOT; };
		D37316AD1E3EBDE20034798E /* XPInterpreter.h */ = {isa = PBXFileReference; fileEncoding = 4; lastKnownFileType = sourcecode.c.h; name = XPInterpreter.h; path = include/Language/XPInterpreter.h; sourceTree = SOURCE_ROOT; };
		D37316B11E3EBF0B0034798E /* XPContext.h */ = {isa = PBXFileReference; fileEncoding = 4; lastKnownFileType = sourcecode.c.h; name = XPContext.h; path = include/Language/XPContext.h; sourceTree = SOURCE_ROOT; };
		D37316B41E3EBF800034798E /* XPSymbol.h */ = {isa = PBXFileReference; fileEncoding = 4; lastKnownFileType = sourcecode.c.h; name = XPSymbol.h; path = src/XPSymbol.h; sourceTree = SOURCE_ROOT; };
		D37316B51E3EBF800034798E /* XPSymbol.m */ = {isa = PBXFileReference; fileEncoding = 4; lastKnownFileType = sourcecode.c.objc; name = XPSymbol.m; path = src/XPSymbol.m; sourceTree = SOURCE_ROOT; };
		D37316B81E3EBF980034798E /* XPVariableSymbol.h */ = {isa = PBXFileReference; fileEncoding = 4; lastKnownFileType = sourcecode.c.h; name = XPVariableSymbol.h; path = src/XPVariableSymbol.h; sourceTree = SOURCE_ROOT; };
		D37316B91E3EBF980034798E /* XPVariableSymbol.m */ = {isa = PBXFileReference; fileEncoding = 4; lastKnownFileType = sourcecode.c.objc; name = XPVariableSymbol.m; path = src/XPVariableSymbol.m; sourceTree = SOURCE_ROOT; };
		D37316BE1E3EBFEB0034798E /* XPScope.h */ = {isa = PBXFileReference; fileEncoding = 4; lastKnownFileType = sourcecode.c.h; name = XPScope.h; path = src/XPScope.h; sourceTree = SOURCE_ROOT; };
		D37316C11E3EC1470034798E /* XPBaseScope.h */ = {isa = PBXFileReference; fileEncoding = 4; lastKnownFileType = sourcecode.c.h; name = XPBaseScope.h; path = src/XPBaseScope.h; sourceTree = SOURCE_ROOT; };
		D37316C21E3EC1470034798E /* XPBaseScope.m */ = {isa = PBXFileReference; fileEncoding = 4; lastKnownFileType = sourcecode.c.objc; name = XPBaseScope.m; path = src/XPBaseScope.m; sourceTree = SOURCE_ROOT; };
		D37316C51E3EC1B10034798E /* XPPathExpression.h */ = {isa = PBXFileReference; fileEncoding = 4; lastKnownFileType = sourcecode.c.h; name = XPPathExpression.h; path = src/XPPathExpression.h; sourceTree = SOURCE_ROOT; };
		D37316C61E3EC1B10034798E /* XPPathExpression.m */ = {isa = PBXFileReference; fileEncoding = 4; lastKnownFileType = sourcecode.c.objc; name = XPPathExpression.m; path = src/XPPathExpression.m; sourceTree = SOURCE_ROOT; };
		D37316C91E3EC49C0034798E /* XPGlobalScope.h */ = {isa = PBXFileReference; fileEncoding = 4; lastKnownFileType = sourcecode.c.h; name = XPGlobalScope.h; path = src/XPGlobalScope.h; sourceTree = SOURCE_ROOT; };
		D37316CA1E3EC49C0034798E /* XPGlobalScope.m */ = {isa = PBXFileReference; fileEncoding = 4; lastKnownFileType = sourcecode.c.objc; name = XPGlobalScope.m; path = src/XPGlobalScope.m; sourceTree = SOURCE_ROOT; };
		D37316CD1E3EC4E50034798E /* XPLocalScope.h */ = {isa = PBXFileReference; fileEncoding = 4; lastKnownFileType = sourcecode.c.h; name = XPLocalScope.h; path = src/XPLocalScope.h; sourceTree = SOURCE_ROOT; };
		D37316CE1E3EC4E50034798E /* XPLocalScope.m */ = {isa = PBXFileReference; fileEncoding = 4; lastKnownFileType = sourcecode.c.objc; name = XPLocalScope.m; path = src/XPLocalScope.m; sourceTree = SOURCE_ROOT; };
		D37316D11E3EC5430034798E /* XPMemorySpace.h */ = {isa = PBXFileReference; fileEncoding = 4; lastKnownFileType = sourcecode.c.h; name = XPMemorySpace.h; path = src/XPMemorySpace.h; sourceTree = SOURCE_ROOT; };
		D37316D21E3EC5430034798E /* XPMemorySpace.m */ = {isa = PBXFileReference; fileEncoding = 4; lastKnownFileType = sourcecode.c.objc; name = XPMemorySpace.m; path = src/XPMemorySpace.m; sourceTree = SOURCE_ROOT; };
		D37316DA1E3FA9980034798E /* XPTreeWalker.h */ = {isa = PBXFileReference; fileEncoding = 4; lastKnownFileType = sourcecode.c.h; name = XPTreeWalker.h; path = src/XPTreeWalker.h; sourceTree = SOURCE_ROOT; };
		D37316DB1E3FA9980034798E /* XPTreeWalker.m */ = {isa = PBXFileReference; fileEncoding = 4; lastKnownFileType = sourcecode.c.objc; name = XPTreeWalker.m; path = src/XPTreeWalker.m; sourceTree = SOURCE_ROOT; };
		D37316DF1E3FAA010034798E /* XPTreeWalkerDecl.h */ = {isa = PBXFileReference; fileEncoding = 4; lastKnownFileType = sourcecode.c.h; name = XPTreeWalkerDecl.h; path = src/XPTreeWalkerDecl.h; sourceTree = SOURCE_ROOT; };
		D37316E01E3FAA010034798E /* XPTreeWalkerDecl.m */ = {isa = PBXFileReference; fileEncoding = 4; lastKnownFileType = sourcecode.c.objc; name = XPTreeWalkerDecl.m; path = src/XPTreeWalkerDecl.m; sourceTree = SOURCE_ROOT; };
		D37316E31E3FAB140034798E /* XPTreeWalkerDefn.h */ = {isa = PBXFileReference; fileEncoding = 4; lastKnownFileType = sourcecode.c.h; name = XPTreeWalkerDefn.h; path = src/XPTreeWalkerDefn.h; sourceTree = SOURCE_ROOT; };
		D37316E41E3FAB140034798E /* XPTreeWalkerDefn.m */ = {isa = PBXFileReference; fileEncoding = 4; lastKnownFileType = sourcecode.c.objc; name = XPTreeWalkerDefn.m; path = src/XPTreeWalkerDefn.m; sourceTree = SOURCE_ROOT; };
/* End PBXFileReference section */

/* Begin PBXFrameworksBuildPhase section */
		D30562881E3BD929008BEC9A /* Frameworks */ = {
			isa = PBXFrameworksBuildPhase;
			buildActionMask = 2147483647;
			files = (
				D3689FA41E3BDB57005783BB /* PEGKit.framework in Frameworks */,
				D3689FA51E3BDB57005783BB /* TDTemplateEngine.framework in Frameworks */,
			);
			runOnlyForDeploymentPostprocessing = 0;
		};
		D30562921E3BD929008BEC9A /* Frameworks */ = {
			isa = PBXFrameworksBuildPhase;
			buildActionMask = 2147483647;
			files = (
				D368A0251E3BE7B5005783BB /* PEGKit.framework in Frameworks */,
				D30562961E3BD929008BEC9A /* Language.framework in Frameworks */,
			);
			runOnlyForDeploymentPostprocessing = 0;
		};
/* End PBXFrameworksBuildPhase section */

/* Begin PBXGroup section */
		D30562821E3BD929008BEC9A = {
			isa = PBXGroup;
			children = (
				D305628E1E3BD929008BEC9A /* Framework */,
				D30562991E3BD929008BEC9A /* Tests */,
				D305628D1E3BD929008BEC9A /* Products */,
				D3689FA11E3BDB57005783BB /* Frameworks */,
			);
			sourceTree = "<group>";
		};
		D305628D1E3BD929008BEC9A /* Products */ = {
			isa = PBXGroup;
			children = (
				D305628C1E3BD929008BEC9A /* Language.framework */,
				D30562951E3BD929008BEC9A /* LanguageTests.xctest */,
			);
			name = Products;
			sourceTree = "<group>";
		};
		D305628E1E3BD929008BEC9A /* Framework */ = {
			isa = PBXGroup;
			children = (
				D305628F1E3BD929008BEC9A /* Language.h */,
				D368A0061E3BE383005783BB /* XPParser.h */,
				D368A0071E3BE383005783BB /* XPParser.m */,
				D37316AD1E3EBDE20034798E /* XPInterpreter.h */,
				D37316AA1E3EBDD20034798E /* XPInterpreter.m */,
				D37316B11E3EBF0B0034798E /* XPContext.h */,
				D37316DE1E3FA9A10034798E /* Tree */,
				D37316C01E3EC1330034798E /* Scope */,
				D37316D51E3EC6B80034798E /* MemSpace */,
				D37316B31E3EBF690034798E /* Sym */,
				D37316841E3E6AD20034798E /* Expr */,
				D37316C51E3EC1B10034798E /* XPPathExpression.h */,
				D37316C61E3EC1B10034798E /* XPPathExpression.m */,
				D368A0051E3BE0D4005783BB /* Resources */,
			);
			name = Framework;
			path = Language;
			sourceTree = "<group>";
		};
		D30562991E3BD929008BEC9A /* Tests */ = {
			isa = PBXGroup;
			children = (
				D368A0211E3BE557005783BB /* XPTestScaffold.h */,
				D368A00B1E3BE4F8005783BB /* XPBaseTests.h */,
				D368A00C1E3BE4F8005783BB /* XPBaseTests.m */,
				D37316951E3EB7930034798E /* Stat */,
				D37316941E3EB78B0034798E /* Expr */,
				D305629C1E3BD929008BEC9A /* Info.plist */,
			);
			name = Tests;
			path = LanguageTests;
			sourceTree = "<group>";
		};
		D3689FA11E3BDB57005783BB /* Frameworks */ = {
			isa = PBXGroup;
			children = (
				D3689FA21E3BDB57005783BB /* PEGKit.framework */,
				D3689FA31E3BDB57005783BB /* TDTemplateEngine.framework */,
			);
			name = Frameworks;
			sourceTree = "<group>";
		};
		D3689FFC1E3BDE91005783BB /* Value */ = {
			isa = PBXGroup;
			children = (
				D3689FD11E3BDE7B005783BB /* XPValue.h */,
				D3689FD21E3BDE7B005783BB /* XPValue.m */,
				D3689FB01E3BDE7B005783BB /* XPBooleanValue.h */,
				D3689FB11E3BDE7B005783BB /* XPBooleanValue.m */,
				D3689FBF1E3BDE7B005783BB /* XPNumericValue.h */,
				D3689FC01E3BDE7B005783BB /* XPNumericValue.m */,
				D3689FCD1E3BDE7B005783BB /* XPStringValue.h */,
				D3689FCE1E3BDE7B005783BB /* XPStringValue.m */,
				D3689FC11E3BDE7B005783BB /* XPObjectValue.h */,
				D3689FC21E3BDE7B005783BB /* XPObjectValue.m */,
			);
			name = Value;
			sourceTree = "<group>";
		};
		D3689FFE1E3BDF1A005783BB /* Unary */ = {
			isa = PBXGroup;
			children = (
				D3689FCF1E3BDE7B005783BB /* XPUnaryExpression.h */,
				D3689FD01E3BDE7B005783BB /* XPUnaryExpression.m */,
				D3689FBB1E3BDE7B005783BB /* XPNegationExpression.h */,
				D3689FBC1E3BDE7B005783BB /* XPNegationExpression.m */,
			);
			name = Unary;
			sourceTree = "<group>";
		};
		D3689FFF1E3BDF21005783BB /* Binary */ = {
			isa = PBXGroup;
			children = (
				D3689FAC1E3BDE7B005783BB /* XPBinaryExpression.h */,
				D3689FAD1E3BDE7B005783BB /* XPBinaryExpression.m */,
				D3689FAA1E3BDE7B005783BB /* XPArithmeticExpression.h */,
				D3689FAB1E3BDE7B005783BB /* XPArithmeticExpression.m */,
				D3689FAE1E3BDE7B005783BB /* XPBooleanExpression.h */,
				D3689FAF1E3BDE7B005783BB /* XPBooleanExpression.m */,
				D3689FC91E3BDE7B005783BB /* XPRelationalExpression.h */,
				D3689FCA1E3BDE7B005783BB /* XPRelationalExpression.m */,
			);
			name = Binary;
			sourceTree = "<group>";
		};
		D368A0051E3BE0D4005783BB /* Resources */ = {
			isa = PBXGroup;
			children = (
				D368A0041E3BE0C7005783BB /* Language-Prefix.pch */,
				D30562901E3BD929008BEC9A /* Info.plist */,
			);
			name = Resources;
			sourceTree = "<group>";
		};
		D37316841E3E6AD20034798E /* Expr */ = {
			isa = PBXGroup;
			children = (
				D3689FA81E3BDD7C005783BB /* XPExpression.h */,
				D3689FB61E3BDE7B005783BB /* XPExpression.m */,
				D3689FFC1E3BDE91005783BB /* Value */,
				D3689FFE1E3BDF1A005783BB /* Unary */,
				D3689FFF1E3BDF21005783BB /* Binary */,
			);
			name = Expr;
			sourceTree = "<group>";
		};
		D37316941E3EB78B0034798E /* Expr */ = {
			isa = PBXGroup;
			children = (
				D37316911E3E73A20034798E /* XPBaseExpressionTests.h */,
				D373168F1E3E735A0034798E /* XPBaseExpressionTests.m */,
				D368A0151E3BE4F8005783BB /* XPUnaryExpressionTests.m */,
				D368A0111E3BE4F8005783BB /* XPNegationExpressionTests.m */,
				D368A00D1E3BE4F8005783BB /* XPBooleanExpressionTests.m */,
				D368A00F1E3BE4F8005783BB /* XPEqualityExpressionTests.m */,
				D368A0141E3BE4F8005783BB /* XPRelationalExpressionTests.m */,
				D368A00A1E3BE4F8005783BB /* XPArithmeticExpressionTests.m */,
			);
			name = Expr;
			sourceTree = "<group>";
		};
		D37316951E3EB7930034798E /* Stat */ = {
			isa = PBXGroup;
			children = (
				D373169C1E3EBA490034798E /* XPBaseStatementTests.h */,
				D373169D1E3EBA490034798E /* XPBaseStatementTests.m */,
				D37316921E3EB75F0034798E /* XPVariableStatementTests.m */,
			);
			name = Stat;
			sourceTree = "<group>";
		};
		D37316B31E3EBF690034798E /* Sym */ = {
			isa = PBXGroup;
			children = (
				D37316B41E3EBF800034798E /* XPSymbol.h */,
				D37316B51E3EBF800034798E /* XPSymbol.m */,
				D37316B81E3EBF980034798E /* XPVariableSymbol.h */,
				D37316B91E3EBF980034798E /* XPVariableSymbol.m */,
			);
			name = Sym;
			sourceTree = "<group>";
		};
		D37316C01E3EC1330034798E /* Scope */ = {
			isa = PBXGroup;
			children = (
				D37316BE1E3EBFEB0034798E /* XPScope.h */,
				D37316C11E3EC1470034798E /* XPBaseScope.h */,
				D37316C21E3EC1470034798E /* XPBaseScope.m */,
				D37316C91E3EC49C0034798E /* XPGlobalScope.h */,
				D37316CA1E3EC49C0034798E /* XPGlobalScope.m */,
				D37316CD1E3EC4E50034798E /* XPLocalScope.h */,
				D37316CE1E3EC4E50034798E /* XPLocalScope.m */,
			);
			name = Scope;
			sourceTree = "<group>";
		};
		D37316D51E3EC6B80034798E /* MemSpace */ = {
			isa = PBXGroup;
			children = (
				D37316D11E3EC5430034798E /* XPMemorySpace.h */,
				D37316D21E3EC5430034798E /* XPMemorySpace.m */,
			);
			name = MemSpace;
			sourceTree = "<group>";
		};
		D37316DE1E3FA9A10034798E /* Tree */ = {
			isa = PBXGroup;
			children = (
				D37316A31E3EBD5C0034798E /* XPNode.h */,
				D37316A01E3EBD4B0034798E /* XPNode.m */,
				D37316DA1E3FA9980034798E /* XPTreeWalker.h */,
				D37316DB1E3FA9980034798E /* XPTreeWalker.m */,
				D37316DF1E3FAA010034798E /* XPTreeWalkerDecl.h */,
				D37316E01E3FAA010034798E /* XPTreeWalkerDecl.m */,
				D37316E31E3FAB140034798E /* XPTreeWalkerDefn.h */,
				D37316E41E3FAB140034798E /* XPTreeWalkerDefn.m */,
			);
			name = Tree;
			sourceTree = "<group>";
		};
/* End PBXGroup section */

/* Begin PBXHeadersBuildPhase section */
		D30562891E3BD929008BEC9A /* Headers */ = {
			isa = PBXHeadersBuildPhase;
			buildActionMask = 2147483647;
			files = (
				D3689FF81E3BDE7B005783BB /* XPUnaryExpression.h in Headers */,
				D37316AE1E3EBDE20034798E /* XPInterpreter.h in Headers */,
				D3689FD31E3BDE7B005783BB /* XPArithmeticExpression.h in Headers */,
				D37316A41E3EBD5C0034798E /* XPNode.h in Headers */,
				D37316B21E3EBF0B0034798E /* XPContext.h in Headers */,
				D3689FF61E3BDE7B005783BB /* XPStringValue.h in Headers */,
				D3689FE81E3BDE7B005783BB /* XPNumericValue.h in Headers */,
				D368A0081E3BE383005783BB /* XPParser.h in Headers */,
				D3689FF21E3BDE7B005783BB /* XPRelationalExpression.h in Headers */,
				D3689FE41E3BDE7B005783BB /* XPNegationExpression.h in Headers */,
				D37316C31E3EC1470034798E /* XPBaseScope.h in Headers */,
				D3689FA91E3BDD7C005783BB /* XPExpression.h in Headers */,
				D37316DC1E3FA9980034798E /* XPTreeWalker.h in Headers */,
				D37316D31E3EC5430034798E /* XPMemorySpace.h in Headers */,
				D305629D1E3BD929008BEC9A /* Language.h in Headers */,
				D37316E51E3FAB140034798E /* XPTreeWalkerDefn.h in Headers */,
				D37316BF1E3EBFEB0034798E /* XPScope.h in Headers */,
				D3689FEA1E3BDE7B005783BB /* XPObjectValue.h in Headers */,
				D37316C71E3EC1B10034798E /* XPPathExpression.h in Headers */,
				D3689FD51E3BDE7B005783BB /* XPBinaryExpression.h in Headers */,
				D3689FFA1E3BDE7B005783BB /* XPValue.h in Headers */,
				D37316CB1E3EC49C0034798E /* XPGlobalScope.h in Headers */,
				D3689FD71E3BDE7B005783BB /* XPBooleanExpression.h in Headers */,
				D37316B61E3EBF800034798E /* XPSymbol.h in Headers */,
				D37316BA1E3EBF980034798E /* XPVariableSymbol.h in Headers */,
				D37316CF1E3EC4E50034798E /* XPLocalScope.h in Headers */,
				D37316E11E3FAA010034798E /* XPTreeWalkerDecl.h in Headers */,
				D3689FD91E3BDE7B005783BB /* XPBooleanValue.h in Headers */,
			);
			runOnlyForDeploymentPostprocessing = 0;
		};
/* End PBXHeadersBuildPhase section */

/* Begin PBXNativeTarget section */
		D305628B1E3BD929008BEC9A /* Language */ = {
			isa = PBXNativeTarget;
			buildConfigurationList = D30562A01E3BD929008BEC9A /* Build configuration list for PBXNativeTarget "Language" */;
			buildPhases = (
				D30562871E3BD929008BEC9A /* Sources */,
				D30562881E3BD929008BEC9A /* Frameworks */,
				D30562891E3BD929008BEC9A /* Headers */,
				D305628A1E3BD929008BEC9A /* Resources */,
			);
			buildRules = (
			);
			dependencies = (
			);
			name = Language;
			productName = Language;
			productReference = D305628C1E3BD929008BEC9A /* Language.framework */;
			productType = "com.apple.product-type.framework";
		};
		D30562941E3BD929008BEC9A /* LanguageTests */ = {
			isa = PBXNativeTarget;
			buildConfigurationList = D30562A31E3BD929008BEC9A /* Build configuration list for PBXNativeTarget "LanguageTests" */;
			buildPhases = (
				D30562911E3BD929008BEC9A /* Sources */,
				D30562921E3BD929008BEC9A /* Frameworks */,
				D30562931E3BD929008BEC9A /* Resources */,
			);
			buildRules = (
			);
			dependencies = (
				D30562981E3BD929008BEC9A /* PBXTargetDependency */,
			);
			name = LanguageTests;
			productName = LanguageTests;
			productReference = D30562951E3BD929008BEC9A /* LanguageTests.xctest */;
			productType = "com.apple.product-type.bundle.unit-test";
		};
/* End PBXNativeTarget section */

/* Begin PBXProject section */
		D30562831E3BD929008BEC9A /* Project object */ = {
			isa = PBXProject;
			attributes = {
				LastUpgradeCheck = 0820;
				ORGANIZATIONNAME = "Celestial Teapot";
				TargetAttributes = {
					D305628B1E3BD929008BEC9A = {
						CreatedOnToolsVersion = 8.2.1;
						ProvisioningStyle = Automatic;
					};
					D30562941E3BD929008BEC9A = {
						CreatedOnToolsVersion = 8.2.1;
						ProvisioningStyle = Automatic;
					};
				};
			};
			buildConfigurationList = D30562861E3BD929008BEC9A /* Build configuration list for PBXProject "Language" */;
			compatibilityVersion = "Xcode 3.2";
			developmentRegion = English;
			hasScannedForEncodings = 0;
			knownRegions = (
				en,
			);
			mainGroup = D30562821E3BD929008BEC9A;
			productRefGroup = D305628D1E3BD929008BEC9A /* Products */;
			projectDirPath = "";
			projectRoot = "";
			targets = (
				D305628B1E3BD929008BEC9A /* Language */,
				D30562941E3BD929008BEC9A /* LanguageTests */,
			);
		};
/* End PBXProject section */

/* Begin PBXResourcesBuildPhase section */
		D305628A1E3BD929008BEC9A /* Resources */ = {
			isa = PBXResourcesBuildPhase;
			buildActionMask = 2147483647;
			files = (
			);
			runOnlyForDeploymentPostprocessing = 0;
		};
		D30562931E3BD929008BEC9A /* Resources */ = {
			isa = PBXResourcesBuildPhase;
			buildActionMask = 2147483647;
			files = (
			);
			runOnlyForDeploymentPostprocessing = 0;
		};
/* End PBXResourcesBuildPhase section */

/* Begin PBXSourcesBuildPhase section */
		D30562871E3BD929008BEC9A /* Sources */ = {
			isa = PBXSourcesBuildPhase;
			buildActionMask = 2147483647;
			files = (
				D3689FF71E3BDE7B005783BB /* XPStringValue.m in Sources */,
				D3689FFB1E3BDE7B005783BB /* XPValue.m in Sources */,
				D37316D41E3EC5430034798E /* XPMemorySpace.m in Sources */,
				D368A0091E3BE383005783BB /* XPParser.m in Sources */,
				D3689FDF1E3BDE7B005783BB /* XPExpression.m in Sources */,
				D37316AC1E3EBDD20034798E /* XPInterpreter.m in Sources */,
				D3689FDA1E3BDE7B005783BB /* XPBooleanValue.m in Sources */,
				D3689FE91E3BDE7B005783BB /* XPNumericValue.m in Sources */,
				D37316BB1E3EBF980034798E /* XPVariableSymbol.m in Sources */,
				D3689FD61E3BDE7B005783BB /* XPBinaryExpression.m in Sources */,
				D37316CC1E3EC49C0034798E /* XPGlobalScope.m in Sources */,
				D37316E21E3FAA010034798E /* XPTreeWalkerDecl.m in Sources */,
				D3689FF91E3BDE7B005783BB /* XPUnaryExpression.m in Sources */,
				D37316B71E3EBF800034798E /* XPSymbol.m in Sources */,
				D37316D01E3EC4E50034798E /* XPLocalScope.m in Sources */,
				D3689FD41E3BDE7B005783BB /* XPArithmeticExpression.m in Sources */,
				D3689FD81E3BDE7B005783BB /* XPBooleanExpression.m in Sources */,
				D3689FEB1E3BDE7B005783BB /* XPObjectValue.m in Sources */,
				D37316DD1E3FA9980034798E /* XPTreeWalker.m in Sources */,
				D37316E61E3FAB140034798E /* XPTreeWalkerDefn.m in Sources */,
				D3689FF31E3BDE7B005783BB /* XPRelationalExpression.m in Sources */,
				D3689FE51E3BDE7B005783BB /* XPNegationExpression.m in Sources */,
				D37316A21E3EBD4B0034798E /* XPNode.m in Sources */,
				D37316C81E3EC1B10034798E /* XPPathExpression.m in Sources */,
				D37316C41E3EC1470034798E /* XPBaseScope.m in Sources */,
			);
			runOnlyForDeploymentPostprocessing = 0;
		};
		D30562911E3BD929008BEC9A /* Sources */ = {
			isa = PBXSourcesBuildPhase;
			buildActionMask = 2147483647;
			files = (
				D368A01F1E3BE4F8005783BB /* XPRelationalExpressionTests.m in Sources */,
				D368A0201E3BE4F8005783BB /* XPUnaryExpressionTests.m in Sources */,
				D368A0181E3BE4F8005783BB /* XPBooleanExpressionTests.m in Sources */,
				D373169E1E3EBA490034798E /* XPBaseStatementTests.m in Sources */,
				D368A01A1E3BE4F8005783BB /* XPEqualityExpressionTests.m in Sources */,
				D37316931E3EB75F0034798E /* XPVariableStatementTests.m in Sources */,
				D37316901E3E735A0034798E /* XPBaseExpressionTests.m in Sources */,
				D368A0161E3BE4F8005783BB /* XPArithmeticExpressionTests.m in Sources */,
				D368A0171E3BE4F8005783BB /* XPBaseTests.m in Sources */,
				D368A01C1E3BE4F8005783BB /* XPNegationExpressionTests.m in Sources */,
			);
			runOnlyForDeploymentPostprocessing = 0;
		};
/* End PBXSourcesBuildPhase section */

/* Begin PBXTargetDependency section */
		D30562981E3BD929008BEC9A /* PBXTargetDependency */ = {
			isa = PBXTargetDependency;
			target = D305628B1E3BD929008BEC9A /* Language */;
			targetProxy = D30562971E3BD929008BEC9A /* PBXContainerItemProxy */;
		};
/* End PBXTargetDependency section */

/* Begin XCBuildConfiguration section */
		D305629E1E3BD929008BEC9A /* Debug */ = {
			isa = XCBuildConfiguration;
			buildSettings = {
				ALWAYS_SEARCH_USER_PATHS = NO;
				CLANG_ANALYZER_NONNULL = YES;
				CLANG_CXX_LANGUAGE_STANDARD = "gnu++0x";
				CLANG_CXX_LIBRARY = "libc++";
				CLANG_ENABLE_MODULES = YES;
				CLANG_WARN_BOOL_CONVERSION = YES;
				CLANG_WARN_CONSTANT_CONVERSION = YES;
				CLANG_WARN_DIRECT_OBJC_ISA_USAGE = YES_ERROR;
				CLANG_WARN_DOCUMENTATION_COMMENTS = YES;
				CLANG_WARN_EMPTY_BODY = YES;
				CLANG_WARN_ENUM_CONVERSION = YES;
				CLANG_WARN_INFINITE_RECURSION = YES;
				CLANG_WARN_INT_CONVERSION = YES;
				CLANG_WARN_OBJC_ROOT_CLASS = YES_ERROR;
				CLANG_WARN_SUSPICIOUS_MOVE = YES;
				CLANG_WARN_UNREACHABLE_CODE = YES;
				CLANG_WARN__DUPLICATE_METHOD_MATCH = YES;
				CODE_SIGN_IDENTITY = "-";
				COPY_PHASE_STRIP = NO;
				CURRENT_PROJECT_VERSION = 1;
				DEBUG_INFORMATION_FORMAT = dwarf;
				ENABLE_STRICT_OBJC_MSGSEND = YES;
				ENABLE_TESTABILITY = YES;
				GCC_C_LANGUAGE_STANDARD = gnu99;
				GCC_DYNAMIC_NO_PIC = NO;
				GCC_NO_COMMON_BLOCKS = YES;
				GCC_OPTIMIZATION_LEVEL = 0;
				GCC_PREPROCESSOR_DEFINITIONS = (
					"DEBUG=1",
					"$(inherited)",
				);
				GCC_WARN_64_TO_32_BIT_CONVERSION = YES;
				GCC_WARN_ABOUT_RETURN_TYPE = YES_ERROR;
				GCC_WARN_UNDECLARED_SELECTOR = YES;
				GCC_WARN_UNINITIALIZED_AUTOS = YES_AGGRESSIVE;
				GCC_WARN_UNUSED_FUNCTION = YES;
				GCC_WARN_UNUSED_VARIABLE = YES;
				MACOSX_DEPLOYMENT_TARGET = 10.8;
				MTL_ENABLE_DEBUG_INFO = YES;
				ONLY_ACTIVE_ARCH = YES;
				SDKROOT = macosx;
				VERSIONING_SYSTEM = "apple-generic";
				VERSION_INFO_PREFIX = "";
			};
			name = Debug;
		};
		D305629F1E3BD929008BEC9A /* Release */ = {
			isa = XCBuildConfiguration;
			buildSettings = {
				ALWAYS_SEARCH_USER_PATHS = NO;
				CLANG_ANALYZER_NONNULL = YES;
				CLANG_CXX_LANGUAGE_STANDARD = "gnu++0x";
				CLANG_CXX_LIBRARY = "libc++";
				CLANG_ENABLE_MODULES = YES;
				CLANG_WARN_BOOL_CONVERSION = YES;
				CLANG_WARN_CONSTANT_CONVERSION = YES;
				CLANG_WARN_DIRECT_OBJC_ISA_USAGE = YES_ERROR;
				CLANG_WARN_DOCUMENTATION_COMMENTS = YES;
				CLANG_WARN_EMPTY_BODY = YES;
				CLANG_WARN_ENUM_CONVERSION = YES;
				CLANG_WARN_INFINITE_RECURSION = YES;
				CLANG_WARN_INT_CONVERSION = YES;
				CLANG_WARN_OBJC_ROOT_CLASS = YES_ERROR;
				CLANG_WARN_SUSPICIOUS_MOVE = YES;
				CLANG_WARN_UNREACHABLE_CODE = YES;
				CLANG_WARN__DUPLICATE_METHOD_MATCH = YES;
				CODE_SIGN_IDENTITY = "-";
				COPY_PHASE_STRIP = NO;
				CURRENT_PROJECT_VERSION = 1;
				DEBUG_INFORMATION_FORMAT = "dwarf-with-dsym";
				ENABLE_NS_ASSERTIONS = NO;
				ENABLE_STRICT_OBJC_MSGSEND = YES;
				GCC_C_LANGUAGE_STANDARD = gnu99;
				GCC_NO_COMMON_BLOCKS = YES;
				GCC_WARN_64_TO_32_BIT_CONVERSION = YES;
				GCC_WARN_ABOUT_RETURN_TYPE = YES_ERROR;
				GCC_WARN_UNDECLARED_SELECTOR = YES;
				GCC_WARN_UNINITIALIZED_AUTOS = YES_AGGRESSIVE;
				GCC_WARN_UNUSED_FUNCTION = YES;
				GCC_WARN_UNUSED_VARIABLE = YES;
				MACOSX_DEPLOYMENT_TARGET = 10.8;
				MTL_ENABLE_DEBUG_INFO = NO;
				SDKROOT = macosx;
				VERSIONING_SYSTEM = "apple-generic";
				VERSION_INFO_PREFIX = "";
			};
			name = Release;
		};
		D30562A11E3BD929008BEC9A /* Debug */ = {
			isa = XCBuildConfiguration;
			buildSettings = {
				CODE_SIGN_IDENTITY = "";
				COMBINE_HIDPI_IMAGES = YES;
				DEFINES_MODULE = YES;
				DYLIB_COMPATIBILITY_VERSION = 1;
				DYLIB_CURRENT_VERSION = 1;
				DYLIB_INSTALL_NAME_BASE = "@rpath";
				FRAMEWORK_VERSION = A;
				GCC_PREFIX_HEADER = "src/Language-Prefix.pch";
				INFOPLIST_FILE = src/Info.plist;
				INSTALL_PATH = "$(LOCAL_LIBRARY_DIR)/Frameworks";
				LD_RUNPATH_SEARCH_PATHS = "$(inherited) @executable_path/../Frameworks @loader_path/Frameworks";
				PRODUCT_BUNDLE_IDENTIFIER = com.celestialteapot.Language;
				PRODUCT_NAME = "$(TARGET_NAME)";
				SKIP_INSTALL = YES;
			};
			name = Debug;
		};
		D30562A21E3BD929008BEC9A /* Release */ = {
			isa = XCBuildConfiguration;
			buildSettings = {
				CODE_SIGN_IDENTITY = "";
				COMBINE_HIDPI_IMAGES = YES;
				DEFINES_MODULE = YES;
				DYLIB_COMPATIBILITY_VERSION = 1;
				DYLIB_CURRENT_VERSION = 1;
				DYLIB_INSTALL_NAME_BASE = "@rpath";
				FRAMEWORK_VERSION = A;
				GCC_PREFIX_HEADER = "src/Language-Prefix.pch";
				INFOPLIST_FILE = src/Info.plist;
				INSTALL_PATH = "$(LOCAL_LIBRARY_DIR)/Frameworks";
				LD_RUNPATH_SEARCH_PATHS = "$(inherited) @executable_path/../Frameworks @loader_path/Frameworks";
				PRODUCT_BUNDLE_IDENTIFIER = com.celestialteapot.Language;
				PRODUCT_NAME = "$(TARGET_NAME)";
				SKIP_INSTALL = YES;
			};
			name = Release;
		};
		D30562A41E3BD929008BEC9A /* Debug */ = {
			isa = XCBuildConfiguration;
			buildSettings = {
				CLANG_ALLOW_NON_MODULAR_INCLUDES_IN_FRAMEWORK_MODULES = YES;
				COMBINE_HIDPI_IMAGES = YES;
				INFOPLIST_FILE = test/Info.plist;
				LD_RUNPATH_SEARCH_PATHS = "$(inherited) @executable_path/../Frameworks @loader_path/../Frameworks";
				PRODUCT_BUNDLE_IDENTIFIER = com.celestialteapot.LanguageTests;
				PRODUCT_NAME = "$(TARGET_NAME)";
			};
			name = Debug;
		};
		D30562A51E3BD929008BEC9A /* Release */ = {
			isa = XCBuildConfiguration;
			buildSettings = {
				CLANG_ALLOW_NON_MODULAR_INCLUDES_IN_FRAMEWORK_MODULES = YES;
				COMBINE_HIDPI_IMAGES = YES;
				INFOPLIST_FILE = test/Info.plist;
				LD_RUNPATH_SEARCH_PATHS = "$(inherited) @executable_path/../Frameworks @loader_path/../Frameworks";
				PRODUCT_BUNDLE_IDENTIFIER = com.celestialteapot.LanguageTests;
				PRODUCT_NAME = "$(TARGET_NAME)";
			};
			name = Release;
		};
/* End XCBuildConfiguration section */

/* Begin XCConfigurationList section */
		D30562861E3BD929008BEC9A /* Build configuration list for PBXProject "Language" */ = {
			isa = XCConfigurationList;
			buildConfigurations = (
				D305629E1E3BD929008BEC9A /* Debug */,
				D305629F1E3BD929008BEC9A /* Release */,
			);
			defaultConfigurationIsVisible = 0;
			defaultConfigurationName = Release;
		};
		D30562A01E3BD929008BEC9A /* Build configuration list for PBXNativeTarget "Language" */ = {
			isa = XCConfigurationList;
			buildConfigurations = (
				D30562A11E3BD929008BEC9A /* Debug */,
				D30562A21E3BD929008BEC9A /* Release */,
			);
			defaultConfigurationIsVisible = 0;
			defaultConfigurationName = Release;
		};
		D30562A31E3BD929008BEC9A /* Build configuration list for PBXNativeTarget "LanguageTests" */ = {
			isa = XCConfigurationList;
			buildConfigurations = (
				D30562A41E3BD929008BEC9A /* Debug */,
				D30562A51E3BD929008BEC9A /* Release */,
			);
			defaultConfigurationIsVisible = 0;
			defaultConfigurationName = Release;
		};
/* End XCConfigurationList section */
	};
	rootObject = D30562831E3BD929008BEC9A /* Project object */;
}
